// !$*UTF8*$!
{
	archiveVersion = 1;
	classes = {
	};
	objectVersion = 56;
	objects = {

/* Begin PBXBuildFile section */
		3F2D19512A81478400A41AEC /* UserLocationViewController.swift in Sources */ = {isa = PBXBuildFile; fileRef = 3F2D19502A81478400A41AEC /* UserLocationViewController.swift */; };
		3F45EDF32A8207790055A211 /* CoreLocationManager.swift in Sources */ = {isa = PBXBuildFile; fileRef = 3F45EDF22A8207790055A211 /* CoreLocationManager.swift */; };
		3F6B586F2A831BE400E1F5BA /* LocationAuthDisallowedView.swift in Sources */ = {isa = PBXBuildFile; fileRef = 3F6B586E2A831BE400E1F5BA /* LocationAuthDisallowedView.swift */; };
		3F6B58732A831C1400E1F5BA /* LocationAuthDisallowedViewModel.swift in Sources */ = {isa = PBXBuildFile; fileRef = 3F6B58722A831C1400E1F5BA /* LocationAuthDisallowedViewModel.swift */; };
		3FACA8792A7CE47B00F2544C /* AppDelegate.swift in Sources */ = {isa = PBXBuildFile; fileRef = 3FACA8782A7CE47B00F2544C /* AppDelegate.swift */; };
		3FACA87B2A7CE47B00F2544C /* SceneDelegate.swift in Sources */ = {isa = PBXBuildFile; fileRef = 3FACA87A2A7CE47B00F2544C /* SceneDelegate.swift */; };
		3FACA8822A7CE47C00F2544C /* Assets.xcassets in Resources */ = {isa = PBXBuildFile; fileRef = 3FACA8812A7CE47C00F2544C /* Assets.xcassets */; };
		3FACA8852A7CE47C00F2544C /* LaunchScreen.storyboard in Resources */ = {isa = PBXBuildFile; fileRef = 3FACA8832A7CE47C00F2544C /* LaunchScreen.storyboard */; };
		3FACA8902A7CE47C00F2544C /* DangleTests.swift in Sources */ = {isa = PBXBuildFile; fileRef = 3FACA88F2A7CE47C00F2544C /* DangleTests.swift */; };
		3FACA89A2A7CE47C00F2544C /* DangleUITests.swift in Sources */ = {isa = PBXBuildFile; fileRef = 3FACA8992A7CE47C00F2544C /* DangleUITests.swift */; };
		3FACA89C2A7CE47C00F2544C /* DangleUITestsLaunchTests.swift in Sources */ = {isa = PBXBuildFile; fileRef = 3FACA89B2A7CE47C00F2544C /* DangleUITestsLaunchTests.swift */; };
		3FBB62A12A8118FA00B9B1A8 /* NSLayoutConstraint+Priority.swift in Sources */ = {isa = PBXBuildFile; fileRef = 3FBB62A02A8118FA00B9B1A8 /* NSLayoutConstraint+Priority.swift */; };
		3FBB62A52A811A0900B9B1A8 /* SignInViewController.swift in Sources */ = {isa = PBXBuildFile; fileRef = 3FBB62A42A811A0900B9B1A8 /* SignInViewController.swift */; };
		3FD3B59E2A88F24F0022C487 /* KakaoSDK in Frameworks */ = {isa = PBXBuildFile; productRef = 3FD3B59D2A88F24F0022C487 /* KakaoSDK */; };
		3FD3B5A02A88F24F0022C487 /* KakaoSDKAuth in Frameworks */ = {isa = PBXBuildFile; productRef = 3FD3B59F2A88F24F0022C487 /* KakaoSDKAuth */; };
		3FD3B5A72A89051E0022C487 /* SensitiveInfoManager.swift in Sources */ = {isa = PBXBuildFile; fileRef = 3FD3B5A62A89051E0022C487 /* SensitiveInfoManager.swift */; };
		3FD3B5AB2A890F400022C487 /* GeocodeResponse.swift in Sources */ = {isa = PBXBuildFile; fileRef = 3FD3B5AA2A890F400022C487 /* GeocodeResponse.swift */; };
		3FD3B5AD2A89A0D60022C487 /* RegionCodeManager.swift in Sources */ = {isa = PBXBuildFile; fileRef = 3FD3B5AC2A89A0D60022C487 /* RegionCodeManager.swift */; };
		3FD3B5AF2A89AA420022C487 /* RegionCodeResponse.swift in Sources */ = {isa = PBXBuildFile; fileRef = 3FD3B5AE2A89AA420022C487 /* RegionCodeResponse.swift */; };
		3FD3B5B32A89BFCB0022C487 /* SearchResultsViewModel.swift in Sources */ = {isa = PBXBuildFile; fileRef = 3FD3B5B22A89BFCB0022C487 /* SearchResultsViewModel.swift */; };
		3FD3B5B52A89DF0E0022C487 /* SearchResultsViewController.swift in Sources */ = {isa = PBXBuildFile; fileRef = 3FD3B5B42A89DF0E0022C487 /* SearchResultsViewController.swift */; };
		3FF76A282A80C71700A5CA29 /* TabBarViewController.swift in Sources */ = {isa = PBXBuildFile; fileRef = 3FF76A272A80C71700A5CA29 /* TabBarViewController.swift */; };
		3FF76A2A2A80C73F00A5CA29 /* HomeViewController.swift in Sources */ = {isa = PBXBuildFile; fileRef = 3FF76A292A80C73F00A5CA29 /* HomeViewController.swift */; };
		3FF76A2C2A80C74F00A5CA29 /* MapViewController.swift in Sources */ = {isa = PBXBuildFile; fileRef = 3FF76A2B2A80C74F00A5CA29 /* MapViewController.swift */; };
		3FF76A2E2A80C75E00A5CA29 /* ProfileViewController.swift in Sources */ = {isa = PBXBuildFile; fileRef = 3FF76A2D2A80C75E00A5CA29 /* ProfileViewController.swift */; };
		3FF76A332A80CF1000A5CA29 /* .swiftlint.yml in Resources */ = {isa = PBXBuildFile; fileRef = 3FF76A322A80CF1000A5CA29 /* .swiftlint.yml */; };
		3FF76A472A80DA1A00A5CA29 /* StartPageViewController.swift in Sources */ = {isa = PBXBuildFile; fileRef = 3FF76A462A80DA1A00A5CA29 /* StartPageViewController.swift */; };
		3FF76A492A80DBE700A5CA29 /* StartPageView.swift in Sources */ = {isa = PBXBuildFile; fileRef = 3FF76A482A80DBE700A5CA29 /* StartPageView.swift */; };
		3FF9E4BF2A84FEEA002802E9 /* UserLocationTableViewCell.swift in Sources */ = {isa = PBXBuildFile; fileRef = 3FF9E4BE2A84FEEA002802E9 /* UserLocationTableViewCell.swift */; };
		3FF9E4C12A85048F002802E9 /* SignUpTermsViewController.swift in Sources */ = {isa = PBXBuildFile; fileRef = 3FF9E4C02A85048F002802E9 /* SignUpTermsViewController.swift */; };
		3FF9E4C62A850D92002802E9 /* GeocodingManager.swift in Sources */ = {isa = PBXBuildFile; fileRef = 3FF9E4C52A850D92002802E9 /* GeocodingManager.swift */; };
		3FF9E4CA2A8517DE002802E9 /* NetworkManager.swift in Sources */ = {isa = PBXBuildFile; fileRef = 3FF9E4C92A8517DE002802E9 /* NetworkManager.swift */; };
		3FF9E4CC2A8517F1002802E9 /* NetworkResource.swift in Sources */ = {isa = PBXBuildFile; fileRef = 3FF9E4CB2A8517F1002802E9 /* NetworkResource.swift */; };
		3FF9E4CE2A852359002802E9 /* UserLocationViewModel.swift in Sources */ = {isa = PBXBuildFile; fileRef = 3FF9E4CD2A852359002802E9 /* UserLocationViewModel.swift */; };
		3FF9E4D02A85348B002802E9 /* ReverseGeocodeResponse.swift in Sources */ = {isa = PBXBuildFile; fileRef = 3FF9E4CF2A85348B002802E9 /* ReverseGeocodeResponse.swift */; };
		3FF9E4D42A854433002802E9 /* ReverseGeocoding.swift in Sources */ = {isa = PBXBuildFile; fileRef = 3FF9E4D32A854433002802E9 /* ReverseGeocoding.swift */; };
		3FF9E4D62A863C92002802E9 /* LocationNews.swift in Sources */ = {isa = PBXBuildFile; fileRef = 3FF9E4D52A863C92002802E9 /* LocationNews.swift */; };
		3FF9E4DD2A873588002802E9 /* Geocoding.swift in Sources */ = {isa = PBXBuildFile; fileRef = 3FF9E4DC2A873588002802E9 /* Geocoding.swift */; };
/* End PBXBuildFile section */

/* Begin PBXContainerItemProxy section */
		3FACA88C2A7CE47C00F2544C /* PBXContainerItemProxy */ = {
			isa = PBXContainerItemProxy;
			containerPortal = 3FACA86D2A7CE47B00F2544C /* Project object */;
			proxyType = 1;
			remoteGlobalIDString = 3FACA8742A7CE47B00F2544C;
			remoteInfo = Dangle;
		};
		3FACA8962A7CE47C00F2544C /* PBXContainerItemProxy */ = {
			isa = PBXContainerItemProxy;
			containerPortal = 3FACA86D2A7CE47B00F2544C /* Project object */;
			proxyType = 1;
			remoteGlobalIDString = 3FACA8742A7CE47B00F2544C;
			remoteInfo = Dangle;
		};
/* End PBXContainerItemProxy section */

/* Begin PBXFileReference section */
		3F2D19502A81478400A41AEC /* UserLocationViewController.swift */ = {isa = PBXFileReference; lastKnownFileType = sourcecode.swift; path = UserLocationViewController.swift; sourceTree = "<group>"; };
		3F45EDF22A8207790055A211 /* CoreLocationManager.swift */ = {isa = PBXFileReference; lastKnownFileType = sourcecode.swift; path = CoreLocationManager.swift; sourceTree = "<group>"; };
		3F6B586E2A831BE400E1F5BA /* LocationAuthDisallowedView.swift */ = {isa = PBXFileReference; lastKnownFileType = sourcecode.swift; path = LocationAuthDisallowedView.swift; sourceTree = "<group>"; };
		3F6B58722A831C1400E1F5BA /* LocationAuthDisallowedViewModel.swift */ = {isa = PBXFileReference; lastKnownFileType = sourcecode.swift; path = LocationAuthDisallowedViewModel.swift; sourceTree = "<group>"; };
		3FACA8752A7CE47B00F2544C /* Dangle.app */ = {isa = PBXFileReference; explicitFileType = wrapper.application; includeInIndex = 0; path = Dangle.app; sourceTree = BUILT_PRODUCTS_DIR; };
		3FACA8782A7CE47B00F2544C /* AppDelegate.swift */ = {isa = PBXFileReference; lastKnownFileType = sourcecode.swift; path = AppDelegate.swift; sourceTree = "<group>"; };
		3FACA87A2A7CE47B00F2544C /* SceneDelegate.swift */ = {isa = PBXFileReference; lastKnownFileType = sourcecode.swift; path = SceneDelegate.swift; sourceTree = "<group>"; };
		3FACA8812A7CE47C00F2544C /* Assets.xcassets */ = {isa = PBXFileReference; lastKnownFileType = folder.assetcatalog; path = Assets.xcassets; sourceTree = "<group>"; };
		3FACA8842A7CE47C00F2544C /* Base */ = {isa = PBXFileReference; lastKnownFileType = file.storyboard; name = Base; path = Base.lproj/LaunchScreen.storyboard; sourceTree = "<group>"; };
		3FACA8862A7CE47C00F2544C /* Info.plist */ = {isa = PBXFileReference; lastKnownFileType = text.plist.xml; path = Info.plist; sourceTree = "<group>"; };
		3FACA88B2A7CE47C00F2544C /* DangleTests.xctest */ = {isa = PBXFileReference; explicitFileType = wrapper.cfbundle; includeInIndex = 0; path = DangleTests.xctest; sourceTree = BUILT_PRODUCTS_DIR; };
		3FACA88F2A7CE47C00F2544C /* DangleTests.swift */ = {isa = PBXFileReference; lastKnownFileType = sourcecode.swift; path = DangleTests.swift; sourceTree = "<group>"; };
		3FACA8952A7CE47C00F2544C /* DangleUITests.xctest */ = {isa = PBXFileReference; explicitFileType = wrapper.cfbundle; includeInIndex = 0; path = DangleUITests.xctest; sourceTree = BUILT_PRODUCTS_DIR; };
		3FACA8992A7CE47C00F2544C /* DangleUITests.swift */ = {isa = PBXFileReference; lastKnownFileType = sourcecode.swift; path = DangleUITests.swift; sourceTree = "<group>"; };
		3FACA89B2A7CE47C00F2544C /* DangleUITestsLaunchTests.swift */ = {isa = PBXFileReference; lastKnownFileType = sourcecode.swift; path = DangleUITestsLaunchTests.swift; sourceTree = "<group>"; };
		3FBB62A02A8118FA00B9B1A8 /* NSLayoutConstraint+Priority.swift */ = {isa = PBXFileReference; lastKnownFileType = sourcecode.swift; path = "NSLayoutConstraint+Priority.swift"; sourceTree = "<group>"; };
		3FBB62A42A811A0900B9B1A8 /* SignInViewController.swift */ = {isa = PBXFileReference; lastKnownFileType = sourcecode.swift; path = SignInViewController.swift; sourceTree = "<group>"; };
		3FD3B5A62A89051E0022C487 /* SensitiveInfoManager.swift */ = {isa = PBXFileReference; lastKnownFileType = sourcecode.swift; path = SensitiveInfoManager.swift; sourceTree = "<group>"; };
		3FD3B5AA2A890F400022C487 /* GeocodeResponse.swift */ = {isa = PBXFileReference; lastKnownFileType = sourcecode.swift; path = GeocodeResponse.swift; sourceTree = "<group>"; };
		3FD3B5AC2A89A0D60022C487 /* RegionCodeManager.swift */ = {isa = PBXFileReference; lastKnownFileType = sourcecode.swift; path = RegionCodeManager.swift; sourceTree = "<group>"; };
		3FD3B5AE2A89AA420022C487 /* RegionCodeResponse.swift */ = {isa = PBXFileReference; lastKnownFileType = sourcecode.swift; path = RegionCodeResponse.swift; sourceTree = "<group>"; };
		3FD3B5B22A89BFCB0022C487 /* SearchResultsViewModel.swift */ = {isa = PBXFileReference; lastKnownFileType = sourcecode.swift; path = SearchResultsViewModel.swift; sourceTree = "<group>"; };
		3FD3B5B42A89DF0E0022C487 /* SearchResultsViewController.swift */ = {isa = PBXFileReference; lastKnownFileType = sourcecode.swift; path = SearchResultsViewController.swift; sourceTree = "<group>"; };
		3FF76A272A80C71700A5CA29 /* TabBarViewController.swift */ = {isa = PBXFileReference; lastKnownFileType = sourcecode.swift; path = TabBarViewController.swift; sourceTree = "<group>"; };
		3FF76A292A80C73F00A5CA29 /* HomeViewController.swift */ = {isa = PBXFileReference; lastKnownFileType = sourcecode.swift; path = HomeViewController.swift; sourceTree = "<group>"; };
		3FF76A2B2A80C74F00A5CA29 /* MapViewController.swift */ = {isa = PBXFileReference; lastKnownFileType = sourcecode.swift; path = MapViewController.swift; sourceTree = "<group>"; };
		3FF76A2D2A80C75E00A5CA29 /* ProfileViewController.swift */ = {isa = PBXFileReference; lastKnownFileType = sourcecode.swift; path = ProfileViewController.swift; sourceTree = "<group>"; };
		3FF76A322A80CF1000A5CA29 /* .swiftlint.yml */ = {isa = PBXFileReference; lastKnownFileType = text.yaml; path = .swiftlint.yml; sourceTree = "<group>"; };
		3FF76A462A80DA1A00A5CA29 /* StartPageViewController.swift */ = {isa = PBXFileReference; lastKnownFileType = sourcecode.swift; path = StartPageViewController.swift; sourceTree = "<group>"; };
		3FF76A482A80DBE700A5CA29 /* StartPageView.swift */ = {isa = PBXFileReference; lastKnownFileType = sourcecode.swift; path = StartPageView.swift; sourceTree = "<group>"; };
		3FF9E4BE2A84FEEA002802E9 /* UserLocationTableViewCell.swift */ = {isa = PBXFileReference; lastKnownFileType = sourcecode.swift; path = UserLocationTableViewCell.swift; sourceTree = "<group>"; };
		3FF9E4C02A85048F002802E9 /* SignUpTermsViewController.swift */ = {isa = PBXFileReference; lastKnownFileType = sourcecode.swift; path = SignUpTermsViewController.swift; sourceTree = "<group>"; };
		3FF9E4C52A850D92002802E9 /* GeocodingManager.swift */ = {isa = PBXFileReference; lastKnownFileType = sourcecode.swift; path = GeocodingManager.swift; sourceTree = "<group>"; };
		3FF9E4C92A8517DE002802E9 /* NetworkManager.swift */ = {isa = PBXFileReference; lastKnownFileType = sourcecode.swift; path = NetworkManager.swift; sourceTree = "<group>"; };
		3FF9E4CB2A8517F1002802E9 /* NetworkResource.swift */ = {isa = PBXFileReference; lastKnownFileType = sourcecode.swift; path = NetworkResource.swift; sourceTree = "<group>"; };
		3FF9E4CD2A852359002802E9 /* UserLocationViewModel.swift */ = {isa = PBXFileReference; lastKnownFileType = sourcecode.swift; path = UserLocationViewModel.swift; sourceTree = "<group>"; };
		3FF9E4CF2A85348B002802E9 /* ReverseGeocodeResponse.swift */ = {isa = PBXFileReference; lastKnownFileType = sourcecode.swift; path = ReverseGeocodeResponse.swift; sourceTree = "<group>"; };
		3FF9E4D32A854433002802E9 /* ReverseGeocoding.swift */ = {isa = PBXFileReference; lastKnownFileType = sourcecode.swift; path = ReverseGeocoding.swift; sourceTree = "<group>"; };
		3FF9E4D52A863C92002802E9 /* LocationNews.swift */ = {isa = PBXFileReference; lastKnownFileType = sourcecode.swift; path = LocationNews.swift; sourceTree = "<group>"; };
		3FF9E4DC2A873588002802E9 /* Geocoding.swift */ = {isa = PBXFileReference; lastKnownFileType = sourcecode.swift; path = Geocoding.swift; sourceTree = "<group>"; };
/* End PBXFileReference section */

/* Begin PBXFrameworksBuildPhase section */
		3FACA8722A7CE47B00F2544C /* Frameworks */ = {
			isa = PBXFrameworksBuildPhase;
			buildActionMask = 2147483647;
			files = (
				3FD3B59E2A88F24F0022C487 /* KakaoSDK in Frameworks */,
				3FD3B5A02A88F24F0022C487 /* KakaoSDKAuth in Frameworks */,
			);
			runOnlyForDeploymentPostprocessing = 0;
		};
		3FACA8882A7CE47C00F2544C /* Frameworks */ = {
			isa = PBXFrameworksBuildPhase;
			buildActionMask = 2147483647;
			files = (
			);
			runOnlyForDeploymentPostprocessing = 0;
		};
		3FACA8922A7CE47C00F2544C /* Frameworks */ = {
			isa = PBXFrameworksBuildPhase;
			buildActionMask = 2147483647;
			files = (
			);
			runOnlyForDeploymentPostprocessing = 0;
		};
/* End PBXFrameworksBuildPhase section */

/* Begin PBXGroup section */
		3F45EDF12A8207600055A211 /* UserLocation */ = {
			isa = PBXGroup;
			children = (
				3F45EDF22A8207790055A211 /* CoreLocationManager.swift */,
			);
			path = UserLocation;
			sourceTree = "<group>";
		};
		3F6B58712A831BF900E1F5BA /* ViewModel */ = {
			isa = PBXGroup;
			children = (
				3F6B58722A831C1400E1F5BA /* LocationAuthDisallowedViewModel.swift */,
				3FF9E4CD2A852359002802E9 /* UserLocationViewModel.swift */,
				3FD3B5B22A89BFCB0022C487 /* SearchResultsViewModel.swift */,
			);
			path = ViewModel;
			sourceTree = "<group>";
		};
		3FACA86C2A7CE47B00F2544C = {
			isa = PBXGroup;
			children = (
				3FF76A322A80CF1000A5CA29 /* .swiftlint.yml */,
				3FACA8772A7CE47B00F2544C /* Dangle */,
				3FACA88E2A7CE47C00F2544C /* DangleTests */,
				3FACA8982A7CE47C00F2544C /* DangleUITests */,
				3FACA8762A7CE47B00F2544C /* Products */,
			);
			sourceTree = "<group>";
		};
		3FACA8762A7CE47B00F2544C /* Products */ = {
			isa = PBXGroup;
			children = (
				3FACA8752A7CE47B00F2544C /* Dangle.app */,
				3FACA88B2A7CE47C00F2544C /* DangleTests.xctest */,
				3FACA8952A7CE47C00F2544C /* DangleUITests.xctest */,
			);
			name = Products;
			sourceTree = "<group>";
		};
		3FACA8772A7CE47B00F2544C /* Dangle */ = {
			isa = PBXGroup;
			children = (
				3FF76A3A2A80D48400A5CA29 /* App */,
				3FF76A3B2A80D4A200A5CA29 /* Resource */,
				3FF76A382A80D46500A5CA29 /* Extensions */,
				3FF76A372A80D45D00A5CA29 /* Managers */,
				3FF76A3C2A80D4D800A5CA29 /* Modules */,
				3FF9E4D72A86559A002802E9 /* Reference */,
				3FACA8862A7CE47C00F2544C /* Info.plist */,
			);
			path = Dangle;
			sourceTree = "<group>";
		};
		3FACA88E2A7CE47C00F2544C /* DangleTests */ = {
			isa = PBXGroup;
			children = (
				3FACA88F2A7CE47C00F2544C /* DangleTests.swift */,
			);
			path = DangleTests;
			sourceTree = "<group>";
		};
		3FACA8982A7CE47C00F2544C /* DangleUITests */ = {
			isa = PBXGroup;
			children = (
				3FACA8992A7CE47C00F2544C /* DangleUITests.swift */,
				3FACA89B2A7CE47C00F2544C /* DangleUITestsLaunchTests.swift */,
			);
			path = DangleUITests;
			sourceTree = "<group>";
		};
		3FBB62A62A8132C500B9B1A8 /* Core */ = {
			isa = PBXGroup;
			children = (
				3FF76A422A80D51F00A5CA29 /* Home */,
				3FF76A432A80D52900A5CA29 /* Map */,
				3FF76A442A80D54200A5CA29 /* Profile */,
			);
			path = Core;
			sourceTree = "<group>";
		};
		3FD3B5A32A88FB410022C487 /* SensitiveInfoManager */ = {
			isa = PBXGroup;
			children = (
				3FD3B5A62A89051E0022C487 /* SensitiveInfoManager.swift */,
			);
			path = SensitiveInfoManager;
			sourceTree = "<group>";
		};
		3FF76A362A80D43A00A5CA29 /* Networking */ = {
			isa = PBXGroup;
			children = (
				3FF9E4C92A8517DE002802E9 /* NetworkManager.swift */,
				3FF9E4CB2A8517F1002802E9 /* NetworkResource.swift */,
				3FF9E4C52A850D92002802E9 /* GeocodingManager.swift */,
				3FF9E4DC2A873588002802E9 /* Geocoding.swift */,
				3FF9E4D32A854433002802E9 /* ReverseGeocoding.swift */,
				3FD3B5AC2A89A0D60022C487 /* RegionCodeManager.swift */,
			);
			path = Networking;
			sourceTree = "<group>";
		};
		3FF76A372A80D45D00A5CA29 /* Managers */ = {
			isa = PBXGroup;
			children = (
				3FD3B5A32A88FB410022C487 /* SensitiveInfoManager */,
				3F45EDF12A8207600055A211 /* UserLocation */,
				3FF76A362A80D43A00A5CA29 /* Networking */,
			);
			path = Managers;
			sourceTree = "<group>";
		};
		3FF76A382A80D46500A5CA29 /* Extensions */ = {
			isa = PBXGroup;
			children = (
				3FBB62A02A8118FA00B9B1A8 /* NSLayoutConstraint+Priority.swift */,
			);
			path = Extensions;
			sourceTree = "<group>";
		};
		3FF76A3A2A80D48400A5CA29 /* App */ = {
			isa = PBXGroup;
			children = (
				3FACA8782A7CE47B00F2544C /* AppDelegate.swift */,
				3FACA87A2A7CE47B00F2544C /* SceneDelegate.swift */,
			);
			path = App;
			sourceTree = "<group>";
		};
		3FF76A3B2A80D4A200A5CA29 /* Resource */ = {
			isa = PBXGroup;
			children = (
				3FACA8812A7CE47C00F2544C /* Assets.xcassets */,
				3FACA8832A7CE47C00F2544C /* LaunchScreen.storyboard */,
			);
			path = Resource;
			sourceTree = "<group>";
		};
		3FF76A3C2A80D4D800A5CA29 /* Modules */ = {
			isa = PBXGroup;
			children = (
				3FF76A452A80D56300A5CA29 /* Common */,
				3FBB62A62A8132C500B9B1A8 /* Core */,
				3FF76A3D2A80D4E400A5CA29 /* Authentication */,
			);
			path = Modules;
			sourceTree = "<group>";
		};
		3FF76A3D2A80D4E400A5CA29 /* Authentication */ = {
			isa = PBXGroup;
			children = (
				3FF76A412A80D50B00A5CA29 /* Models */,
				3F6B58712A831BF900E1F5BA /* ViewModel */,
				3FF76A3E2A80D4F200A5CA29 /* View */,
				3FF76A3F2A80D4F800A5CA29 /* ViewController */,
			);
			path = Authentication;
			sourceTree = "<group>";
		};
		3FF76A3E2A80D4F200A5CA29 /* View */ = {
			isa = PBXGroup;
			children = (
				3FF76A482A80DBE700A5CA29 /* StartPageView.swift */,
				3F6B586E2A831BE400E1F5BA /* LocationAuthDisallowedView.swift */,
				3FF9E4BE2A84FEEA002802E9 /* UserLocationTableViewCell.swift */,
			);
			path = View;
			sourceTree = "<group>";
		};
		3FF76A3F2A80D4F800A5CA29 /* ViewController */ = {
			isa = PBXGroup;
			children = (
				3FF76A462A80DA1A00A5CA29 /* StartPageViewController.swift */,
				3FBB62A42A811A0900B9B1A8 /* SignInViewController.swift */,
				3F2D19502A81478400A41AEC /* UserLocationViewController.swift */,
				3FD3B5B42A89DF0E0022C487 /* SearchResultsViewController.swift */,
				3FF9E4C02A85048F002802E9 /* SignUpTermsViewController.swift */,
			);
			path = ViewController;
			sourceTree = "<group>";
		};
		3FF76A412A80D50B00A5CA29 /* Models */ = {
			isa = PBXGroup;
			children = (
				3FD3B5AA2A890F400022C487 /* GeocodeResponse.swift */,
				3FF9E4CF2A85348B002802E9 /* ReverseGeocodeResponse.swift */,
				3FD3B5AE2A89AA420022C487 /* RegionCodeResponse.swift */,
			);
			path = Models;
			sourceTree = "<group>";
		};
		3FF76A422A80D51F00A5CA29 /* Home */ = {
			isa = PBXGroup;
			children = (
				3FF76A292A80C73F00A5CA29 /* HomeViewController.swift */,
			);
			path = Home;
			sourceTree = "<group>";
		};
		3FF76A432A80D52900A5CA29 /* Map */ = {
			isa = PBXGroup;
			children = (
				3FF76A2B2A80C74F00A5CA29 /* MapViewController.swift */,
			);
			path = Map;
			sourceTree = "<group>";
		};
		3FF76A442A80D54200A5CA29 /* Profile */ = {
			isa = PBXGroup;
			children = (
				3FF76A2D2A80C75E00A5CA29 /* ProfileViewController.swift */,
			);
			path = Profile;
			sourceTree = "<group>";
		};
		3FF76A452A80D56300A5CA29 /* Common */ = {
			isa = PBXGroup;
			children = (
				3FF76A272A80C71700A5CA29 /* TabBarViewController.swift */,
			);
			path = Common;
			sourceTree = "<group>";
		};
		3FF9E4D72A86559A002802E9 /* Reference */ = {
			isa = PBXGroup;
			children = (
				3FF9E4D52A863C92002802E9 /* LocationNews.swift */,
			);
			path = Reference;
			sourceTree = "<group>";
		};
/* End PBXGroup section */

/* Begin PBXNativeTarget section */
		3FACA8742A7CE47B00F2544C /* Dangle */ = {
			isa = PBXNativeTarget;
			buildConfigurationList = 3FACA89F2A7CE47C00F2544C /* Build configuration list for PBXNativeTarget "Dangle" */;
			buildPhases = (
				3FACA8712A7CE47B00F2544C /* Sources */,
				3FACA8722A7CE47B00F2544C /* Frameworks */,
				3FACA8732A7CE47B00F2544C /* Resources */,
				3FF76A312A80CE0800A5CA29 /* SwiftLint Script */,
			);
			buildRules = (
			);
			dependencies = (
			);
			name = Dangle;
			packageProductDependencies = (
				3FD3B59D2A88F24F0022C487 /* KakaoSDK */,
				3FD3B59F2A88F24F0022C487 /* KakaoSDKAuth */,
			);
			productName = Dangle;
			productReference = 3FACA8752A7CE47B00F2544C /* Dangle.app */;
			productType = "com.apple.product-type.application";
		};
		3FACA88A2A7CE47C00F2544C /* DangleTests */ = {
			isa = PBXNativeTarget;
			buildConfigurationList = 3FACA8A22A7CE47C00F2544C /* Build configuration list for PBXNativeTarget "DangleTests" */;
			buildPhases = (
				3FACA8872A7CE47C00F2544C /* Sources */,
				3FACA8882A7CE47C00F2544C /* Frameworks */,
				3FACA8892A7CE47C00F2544C /* Resources */,
			);
			buildRules = (
			);
			dependencies = (
				3FACA88D2A7CE47C00F2544C /* PBXTargetDependency */,
			);
			name = DangleTests;
			productName = DangleTests;
			productReference = 3FACA88B2A7CE47C00F2544C /* DangleTests.xctest */;
			productType = "com.apple.product-type.bundle.unit-test";
		};
		3FACA8942A7CE47C00F2544C /* DangleUITests */ = {
			isa = PBXNativeTarget;
			buildConfigurationList = 3FACA8A52A7CE47C00F2544C /* Build configuration list for PBXNativeTarget "DangleUITests" */;
			buildPhases = (
				3FACA8912A7CE47C00F2544C /* Sources */,
				3FACA8922A7CE47C00F2544C /* Frameworks */,
				3FACA8932A7CE47C00F2544C /* Resources */,
			);
			buildRules = (
			);
			dependencies = (
				3FACA8972A7CE47C00F2544C /* PBXTargetDependency */,
			);
			name = DangleUITests;
			productName = DangleUITests;
			productReference = 3FACA8952A7CE47C00F2544C /* DangleUITests.xctest */;
			productType = "com.apple.product-type.bundle.ui-testing";
		};
/* End PBXNativeTarget section */

/* Begin PBXProject section */
		3FACA86D2A7CE47B00F2544C /* Project object */ = {
			isa = PBXProject;
			attributes = {
				BuildIndependentTargetsInParallel = 1;
				LastSwiftUpdateCheck = 1430;
				LastUpgradeCheck = 1430;
				TargetAttributes = {
					3FACA8742A7CE47B00F2544C = {
						CreatedOnToolsVersion = 14.3.1;
					};
					3FACA88A2A7CE47C00F2544C = {
						CreatedOnToolsVersion = 14.3.1;
						TestTargetID = 3FACA8742A7CE47B00F2544C;
					};
					3FACA8942A7CE47C00F2544C = {
						CreatedOnToolsVersion = 14.3.1;
						TestTargetID = 3FACA8742A7CE47B00F2544C;
					};
				};
			};
			buildConfigurationList = 3FACA8702A7CE47B00F2544C /* Build configuration list for PBXProject "Dangle" */;
			compatibilityVersion = "Xcode 14.0";
			developmentRegion = en;
			hasScannedForEncodings = 0;
			knownRegions = (
				en,
				Base,
			);
			mainGroup = 3FACA86C2A7CE47B00F2544C;
			packageReferences = (
				3FD3B59C2A88F24F0022C487 /* XCRemoteSwiftPackageReference "kakao-ios-sdk" */,
			);
			productRefGroup = 3FACA8762A7CE47B00F2544C /* Products */;
			projectDirPath = "";
			projectRoot = "";
			targets = (
				3FACA8742A7CE47B00F2544C /* Dangle */,
				3FACA88A2A7CE47C00F2544C /* DangleTests */,
				3FACA8942A7CE47C00F2544C /* DangleUITests */,
			);
		};
/* End PBXProject section */

/* Begin PBXResourcesBuildPhase section */
		3FACA8732A7CE47B00F2544C /* Resources */ = {
			isa = PBXResourcesBuildPhase;
			buildActionMask = 2147483647;
			files = (
				3FF76A332A80CF1000A5CA29 /* .swiftlint.yml in Resources */,
				3FACA8852A7CE47C00F2544C /* LaunchScreen.storyboard in Resources */,
				3FACA8822A7CE47C00F2544C /* Assets.xcassets in Resources */,
			);
			runOnlyForDeploymentPostprocessing = 0;
		};
		3FACA8892A7CE47C00F2544C /* Resources */ = {
			isa = PBXResourcesBuildPhase;
			buildActionMask = 2147483647;
			files = (
			);
			runOnlyForDeploymentPostprocessing = 0;
		};
		3FACA8932A7CE47C00F2544C /* Resources */ = {
			isa = PBXResourcesBuildPhase;
			buildActionMask = 2147483647;
			files = (
			);
			runOnlyForDeploymentPostprocessing = 0;
		};
/* End PBXResourcesBuildPhase section */

/* Begin PBXShellScriptBuildPhase section */
		3FF76A312A80CE0800A5CA29 /* SwiftLint Script */ = {
			isa = PBXShellScriptBuildPhase;
			alwaysOutOfDate = 1;
			buildActionMask = 2147483647;
			files = (
			);
			inputFileListPaths = (
			);
			inputPaths = (
			);
			name = "SwiftLint Script";
			outputFileListPaths = (
			);
			outputPaths = (
			);
			runOnlyForDeploymentPostprocessing = 0;
			shellPath = /bin/sh;
			shellScript = "# Type a script or drag a script file from your workspace to insert its path.\nexport PATH=\"$PATH:/opt/homebrew/bin\"\nif which swiftlint > /dev/null; then\n  swiftlint\nelse\n  echo \"warning: SwiftLint not installed, download from https://github.com/realm/SwiftLint\"\nfi\n";
		};
/* End PBXShellScriptBuildPhase section */

/* Begin PBXSourcesBuildPhase section */
		3FACA8712A7CE47B00F2544C /* Sources */ = {
			isa = PBXSourcesBuildPhase;
			buildActionMask = 2147483647;
			files = (
				3FF9E4DD2A873588002802E9 /* Geocoding.swift in Sources */,
				3FF9E4CA2A8517DE002802E9 /* NetworkManager.swift in Sources */,
				3FD3B5A72A89051E0022C487 /* SensitiveInfoManager.swift in Sources */,
				3FF76A2A2A80C73F00A5CA29 /* HomeViewController.swift in Sources */,
				3FF9E4D42A854433002802E9 /* ReverseGeocoding.swift in Sources */,
				3FD3B5AF2A89AA420022C487 /* RegionCodeResponse.swift in Sources */,
				3FF76A2C2A80C74F00A5CA29 /* MapViewController.swift in Sources */,
				3F45EDF32A8207790055A211 /* CoreLocationManager.swift in Sources */,
				3FF9E4C62A850D92002802E9 /* GeocodingManager.swift in Sources */,
				3FF76A472A80DA1A00A5CA29 /* StartPageViewController.swift in Sources */,
				3FF9E4CE2A852359002802E9 /* UserLocationViewModel.swift in Sources */,
				3FD3B5B32A89BFCB0022C487 /* SearchResultsViewModel.swift in Sources */,
				3FF9E4D62A863C92002802E9 /* LocationNews.swift in Sources */,
				3FBB62A12A8118FA00B9B1A8 /* NSLayoutConstraint+Priority.swift in Sources */,
				3FF76A282A80C71700A5CA29 /* TabBarViewController.swift in Sources */,
				3FF76A492A80DBE700A5CA29 /* StartPageView.swift in Sources */,
				3FF9E4BF2A84FEEA002802E9 /* UserLocationTableViewCell.swift in Sources */,
				3F6B586F2A831BE400E1F5BA /* LocationAuthDisallowedView.swift in Sources */,
				3FF76A2E2A80C75E00A5CA29 /* ProfileViewController.swift in Sources */,
				3FD3B5B52A89DF0E0022C487 /* SearchResultsViewController.swift in Sources */,
				3FF9E4C12A85048F002802E9 /* SignUpTermsViewController.swift in Sources */,
				3F6B58732A831C1400E1F5BA /* LocationAuthDisallowedViewModel.swift in Sources */,
				3FD3B5AB2A890F400022C487 /* GeocodeResponse.swift in Sources */,
				3F2D19512A81478400A41AEC /* UserLocationViewController.swift in Sources */,
				3FD3B5AD2A89A0D60022C487 /* RegionCodeManager.swift in Sources */,
				3FF9E4CC2A8517F1002802E9 /* NetworkResource.swift in Sources */,
				3FBB62A52A811A0900B9B1A8 /* SignInViewController.swift in Sources */,
				3FACA8792A7CE47B00F2544C /* AppDelegate.swift in Sources */,
				3FF9E4D02A85348B002802E9 /* ReverseGeocodeResponse.swift in Sources */,
				3FACA87B2A7CE47B00F2544C /* SceneDelegate.swift in Sources */,
			);
			runOnlyForDeploymentPostprocessing = 0;
		};
		3FACA8872A7CE47C00F2544C /* Sources */ = {
			isa = PBXSourcesBuildPhase;
			buildActionMask = 2147483647;
			files = (
				3FACA8902A7CE47C00F2544C /* DangleTests.swift in Sources */,
			);
			runOnlyForDeploymentPostprocessing = 0;
		};
		3FACA8912A7CE47C00F2544C /* Sources */ = {
			isa = PBXSourcesBuildPhase;
			buildActionMask = 2147483647;
			files = (
				3FACA89A2A7CE47C00F2544C /* DangleUITests.swift in Sources */,
				3FACA89C2A7CE47C00F2544C /* DangleUITestsLaunchTests.swift in Sources */,
			);
			runOnlyForDeploymentPostprocessing = 0;
		};
/* End PBXSourcesBuildPhase section */

/* Begin PBXTargetDependency section */
		3FACA88D2A7CE47C00F2544C /* PBXTargetDependency */ = {
			isa = PBXTargetDependency;
			target = 3FACA8742A7CE47B00F2544C /* Dangle */;
			targetProxy = 3FACA88C2A7CE47C00F2544C /* PBXContainerItemProxy */;
		};
		3FACA8972A7CE47C00F2544C /* PBXTargetDependency */ = {
			isa = PBXTargetDependency;
			target = 3FACA8742A7CE47B00F2544C /* Dangle */;
			targetProxy = 3FACA8962A7CE47C00F2544C /* PBXContainerItemProxy */;
		};
/* End PBXTargetDependency section */

/* Begin PBXVariantGroup section */
		3FACA8832A7CE47C00F2544C /* LaunchScreen.storyboard */ = {
			isa = PBXVariantGroup;
			children = (
				3FACA8842A7CE47C00F2544C /* Base */,
			);
			name = LaunchScreen.storyboard;
			sourceTree = "<group>";
		};
/* End PBXVariantGroup section */

/* Begin XCBuildConfiguration section */
		3FACA89D2A7CE47C00F2544C /* Debug */ = {
			isa = XCBuildConfiguration;
			buildSettings = {
				ALWAYS_SEARCH_USER_PATHS = NO;
				CLANG_ANALYZER_NONNULL = YES;
				CLANG_ANALYZER_NUMBER_OBJECT_CONVERSION = YES_AGGRESSIVE;
				CLANG_CXX_LANGUAGE_STANDARD = "gnu++20";
				CLANG_ENABLE_MODULES = YES;
				CLANG_ENABLE_OBJC_ARC = YES;
				CLANG_ENABLE_OBJC_WEAK = YES;
				CLANG_WARN_BLOCK_CAPTURE_AUTORELEASING = YES;
				CLANG_WARN_BOOL_CONVERSION = YES;
				CLANG_WARN_COMMA = YES;
				CLANG_WARN_CONSTANT_CONVERSION = YES;
				CLANG_WARN_DEPRECATED_OBJC_IMPLEMENTATIONS = YES;
				CLANG_WARN_DIRECT_OBJC_ISA_USAGE = YES_ERROR;
				CLANG_WARN_DOCUMENTATION_COMMENTS = YES;
				CLANG_WARN_EMPTY_BODY = YES;
				CLANG_WARN_ENUM_CONVERSION = YES;
				CLANG_WARN_INFINITE_RECURSION = YES;
				CLANG_WARN_INT_CONVERSION = YES;
				CLANG_WARN_NON_LITERAL_NULL_CONVERSION = YES;
				CLANG_WARN_OBJC_IMPLICIT_RETAIN_SELF = YES;
				CLANG_WARN_OBJC_LITERAL_CONVERSION = YES;
				CLANG_WARN_OBJC_ROOT_CLASS = YES_ERROR;
				CLANG_WARN_QUOTED_INCLUDE_IN_FRAMEWORK_HEADER = YES;
				CLANG_WARN_RANGE_LOOP_ANALYSIS = YES;
				CLANG_WARN_STRICT_PROTOTYPES = YES;
				CLANG_WARN_SUSPICIOUS_MOVE = YES;
				CLANG_WARN_UNGUARDED_AVAILABILITY = YES_AGGRESSIVE;
				CLANG_WARN_UNREACHABLE_CODE = YES;
				CLANG_WARN__DUPLICATE_METHOD_MATCH = YES;
				COPY_PHASE_STRIP = NO;
				DEBUG_INFORMATION_FORMAT = dwarf;
				ENABLE_STRICT_OBJC_MSGSEND = YES;
				ENABLE_TESTABILITY = YES;
				GCC_C_LANGUAGE_STANDARD = gnu11;
				GCC_DYNAMIC_NO_PIC = NO;
				GCC_NO_COMMON_BLOCKS = YES;
				GCC_OPTIMIZATION_LEVEL = 0;
				GCC_PREPROCESSOR_DEFINITIONS = (
					"DEBUG=1",
					"$(inherited)",
				);
				GCC_WARN_64_TO_32_BIT_CONVERSION = YES;
				GCC_WARN_ABOUT_RETURN_TYPE = YES_ERROR;
				GCC_WARN_UNDECLARED_SELECTOR = YES;
				GCC_WARN_UNINITIALIZED_AUTOS = YES_AGGRESSIVE;
				GCC_WARN_UNUSED_FUNCTION = YES;
				GCC_WARN_UNUSED_VARIABLE = YES;
				IPHONEOS_DEPLOYMENT_TARGET = 16.4;
				MTL_ENABLE_DEBUG_INFO = INCLUDE_SOURCE;
				MTL_FAST_MATH = YES;
				ONLY_ACTIVE_ARCH = YES;
				SDKROOT = iphoneos;
				SWIFT_ACTIVE_COMPILATION_CONDITIONS = DEBUG;
				SWIFT_OPTIMIZATION_LEVEL = "-Onone";
			};
			name = Debug;
		};
		3FACA89E2A7CE47C00F2544C /* Release */ = {
			isa = XCBuildConfiguration;
			buildSettings = {
				ALWAYS_SEARCH_USER_PATHS = NO;
				CLANG_ANALYZER_NONNULL = YES;
				CLANG_ANALYZER_NUMBER_OBJECT_CONVERSION = YES_AGGRESSIVE;
				CLANG_CXX_LANGUAGE_STANDARD = "gnu++20";
				CLANG_ENABLE_MODULES = YES;
				CLANG_ENABLE_OBJC_ARC = YES;
				CLANG_ENABLE_OBJC_WEAK = YES;
				CLANG_WARN_BLOCK_CAPTURE_AUTORELEASING = YES;
				CLANG_WARN_BOOL_CONVERSION = YES;
				CLANG_WARN_COMMA = YES;
				CLANG_WARN_CONSTANT_CONVERSION = YES;
				CLANG_WARN_DEPRECATED_OBJC_IMPLEMENTATIONS = YES;
				CLANG_WARN_DIRECT_OBJC_ISA_USAGE = YES_ERROR;
				CLANG_WARN_DOCUMENTATION_COMMENTS = YES;
				CLANG_WARN_EMPTY_BODY = YES;
				CLANG_WARN_ENUM_CONVERSION = YES;
				CLANG_WARN_INFINITE_RECURSION = YES;
				CLANG_WARN_INT_CONVERSION = YES;
				CLANG_WARN_NON_LITERAL_NULL_CONVERSION = YES;
				CLANG_WARN_OBJC_IMPLICIT_RETAIN_SELF = YES;
				CLANG_WARN_OBJC_LITERAL_CONVERSION = YES;
				CLANG_WARN_OBJC_ROOT_CLASS = YES_ERROR;
				CLANG_WARN_QUOTED_INCLUDE_IN_FRAMEWORK_HEADER = YES;
				CLANG_WARN_RANGE_LOOP_ANALYSIS = YES;
				CLANG_WARN_STRICT_PROTOTYPES = YES;
				CLANG_WARN_SUSPICIOUS_MOVE = YES;
				CLANG_WARN_UNGUARDED_AVAILABILITY = YES_AGGRESSIVE;
				CLANG_WARN_UNREACHABLE_CODE = YES;
				CLANG_WARN__DUPLICATE_METHOD_MATCH = YES;
				COPY_PHASE_STRIP = NO;
				DEBUG_INFORMATION_FORMAT = "dwarf-with-dsym";
				ENABLE_NS_ASSERTIONS = NO;
				ENABLE_STRICT_OBJC_MSGSEND = YES;
				GCC_C_LANGUAGE_STANDARD = gnu11;
				GCC_NO_COMMON_BLOCKS = YES;
				GCC_WARN_64_TO_32_BIT_CONVERSION = YES;
				GCC_WARN_ABOUT_RETURN_TYPE = YES_ERROR;
				GCC_WARN_UNDECLARED_SELECTOR = YES;
				GCC_WARN_UNINITIALIZED_AUTOS = YES_AGGRESSIVE;
				GCC_WARN_UNUSED_FUNCTION = YES;
				GCC_WARN_UNUSED_VARIABLE = YES;
				IPHONEOS_DEPLOYMENT_TARGET = 16.4;
				MTL_ENABLE_DEBUG_INFO = NO;
				MTL_FAST_MATH = YES;
				SDKROOT = iphoneos;
				SWIFT_COMPILATION_MODE = wholemodule;
				SWIFT_OPTIMIZATION_LEVEL = "-O";
				VALIDATE_PRODUCT = YES;
			};
			name = Release;
		};
		3FACA8A02A7CE47C00F2544C /* Debug */ = {
			isa = XCBuildConfiguration;
			buildSettings = {
				ASSETCATALOG_COMPILER_APPICON_NAME = AppIcon;
				ASSETCATALOG_COMPILER_GLOBAL_ACCENT_COLOR_NAME = AccentColor;
				CODE_SIGN_STYLE = Automatic;
				CURRENT_PROJECT_VERSION = 1;
				DEVELOPMENT_TEAM = V7TH2GUA8U;
				GENERATE_INFOPLIST_FILE = YES;
				INFOPLIST_FILE = Dangle/Info.plist;
				INFOPLIST_KEY_NSLocalNetworkUsageDescription = "현재 사용자의 위치를 검색하거나, 동네를 인증하기 위해 현재 위치를 확인합니다.";
				INFOPLIST_KEY_NSLocationAlwaysAndWhenInUseUsageDescription = "현재 사용자의 위치를 검색하거나, 동네를 인증하기 위해 현재 위치를 확인합니다.";
				INFOPLIST_KEY_NSLocationAlwaysUsageDescription = "사용자의 현재 위치를 토대로 인근 소식을 파악합니다";
				INFOPLIST_KEY_NSLocationWhenInUseUsageDescription = "사용자의 현재 위치를 토대로 인근 소식을 파악합니다";
				INFOPLIST_KEY_UIApplicationSupportsIndirectInputEvents = YES;
				INFOPLIST_KEY_UILaunchStoryboardName = LaunchScreen;
				INFOPLIST_KEY_UISupportedInterfaceOrientations_iPad = "UIInterfaceOrientationPortrait UIInterfaceOrientationPortraitUpsideDown UIInterfaceOrientationLandscapeLeft UIInterfaceOrientationLandscapeRight";
				INFOPLIST_KEY_UISupportedInterfaceOrientations_iPhone = "UIInterfaceOrientationPortrait UIInterfaceOrientationLandscapeLeft UIInterfaceOrientationLandscapeRight";
				LD_RUNPATH_SEARCH_PATHS = (
					"$(inherited)",
					"@executable_path/Frameworks",
				);
				MARKETING_VERSION = 1.0;
				PRODUCT_BUNDLE_IDENTIFIER = com.Lime.dangle;
				PRODUCT_NAME = "$(TARGET_NAME)";
				SWIFT_EMIT_LOC_STRINGS = YES;
				SWIFT_VERSION = 5.0;
				TARGETED_DEVICE_FAMILY = "1,2";
			};
			name = Debug;
		};
		3FACA8A12A7CE47C00F2544C /* Release */ = {
			isa = XCBuildConfiguration;
			buildSettings = {
				ASSETCATALOG_COMPILER_APPICON_NAME = AppIcon;
				ASSETCATALOG_COMPILER_GLOBAL_ACCENT_COLOR_NAME = AccentColor;
				CODE_SIGN_STYLE = Automatic;
				CURRENT_PROJECT_VERSION = 1;
				DEVELOPMENT_TEAM = V7TH2GUA8U;
				GENERATE_INFOPLIST_FILE = YES;
				INFOPLIST_FILE = Dangle/Info.plist;
				INFOPLIST_KEY_NSLocalNetworkUsageDescription = "현재 사용자의 위치를 검색하거나, 동네를 인증하기 위해 현재 위치를 확인합니다.";
				INFOPLIST_KEY_NSLocationAlwaysAndWhenInUseUsageDescription = "현재 사용자의 위치를 검색하거나, 동네를 인증하기 위해 현재 위치를 확인합니다.";
				INFOPLIST_KEY_NSLocationAlwaysUsageDescription = "사용자의 현재 위치를 토대로 인근 소식을 파악합니다";
				INFOPLIST_KEY_NSLocationWhenInUseUsageDescription = "사용자의 현재 위치를 토대로 인근 소식을 파악합니다";
				INFOPLIST_KEY_UIApplicationSupportsIndirectInputEvents = YES;
				INFOPLIST_KEY_UILaunchStoryboardName = LaunchScreen;
				INFOPLIST_KEY_UISupportedInterfaceOrientations_iPad = "UIInterfaceOrientationPortrait UIInterfaceOrientationPortraitUpsideDown UIInterfaceOrientationLandscapeLeft UIInterfaceOrientationLandscapeRight";
				INFOPLIST_KEY_UISupportedInterfaceOrientations_iPhone = "UIInterfaceOrientationPortrait UIInterfaceOrientationLandscapeLeft UIInterfaceOrientationLandscapeRight";
				LD_RUNPATH_SEARCH_PATHS = (
					"$(inherited)",
					"@executable_path/Frameworks",
				);
				MARKETING_VERSION = 1.0;
				PRODUCT_BUNDLE_IDENTIFIER = com.Lime.dangle;
				PRODUCT_NAME = "$(TARGET_NAME)";
				SWIFT_EMIT_LOC_STRINGS = YES;
				SWIFT_VERSION = 5.0;
				TARGETED_DEVICE_FAMILY = "1,2";
			};
			name = Release;
		};
		3FACA8A32A7CE47C00F2544C /* Debug */ = {
			isa = XCBuildConfiguration;
			buildSettings = {
				ALWAYS_EMBED_SWIFT_STANDARD_LIBRARIES = YES;
				BUNDLE_LOADER = "$(TEST_HOST)";
				CODE_SIGN_STYLE = Automatic;
				CURRENT_PROJECT_VERSION = 1;
				DEVELOPMENT_TEAM = V7TH2GUA8U;
				GENERATE_INFOPLIST_FILE = YES;
				IPHONEOS_DEPLOYMENT_TARGET = 16.4;
				MARKETING_VERSION = 1.0;
				PRODUCT_BUNDLE_IDENTIFIER = com.Lime.DangleTests;
				PRODUCT_NAME = "$(TARGET_NAME)";
				SWIFT_EMIT_LOC_STRINGS = NO;
				SWIFT_VERSION = 5.0;
				TARGETED_DEVICE_FAMILY = "1,2";
				TEST_HOST = "$(BUILT_PRODUCTS_DIR)/Dangle.app/$(BUNDLE_EXECUTABLE_FOLDER_PATH)/Dangle";
			};
			name = Debug;
		};
		3FACA8A42A7CE47C00F2544C /* Release */ = {
			isa = XCBuildConfiguration;
			buildSettings = {
				ALWAYS_EMBED_SWIFT_STANDARD_LIBRARIES = YES;
				BUNDLE_LOADER = "$(TEST_HOST)";
				CODE_SIGN_STYLE = Automatic;
				CURRENT_PROJECT_VERSION = 1;
				DEVELOPMENT_TEAM = V7TH2GUA8U;
				GENERATE_INFOPLIST_FILE = YES;
				IPHONEOS_DEPLOYMENT_TARGET = 16.4;
				MARKETING_VERSION = 1.0;
				PRODUCT_BUNDLE_IDENTIFIER = com.Lime.DangleTests;
				PRODUCT_NAME = "$(TARGET_NAME)";
				SWIFT_EMIT_LOC_STRINGS = NO;
				SWIFT_VERSION = 5.0;
				TARGETED_DEVICE_FAMILY = "1,2";
				TEST_HOST = "$(BUILT_PRODUCTS_DIR)/Dangle.app/$(BUNDLE_EXECUTABLE_FOLDER_PATH)/Dangle";
			};
			name = Release;
		};
		3FACA8A62A7CE47C00F2544C /* Debug */ = {
			isa = XCBuildConfiguration;
			buildSettings = {
				ALWAYS_EMBED_SWIFT_STANDARD_LIBRARIES = YES;
				CODE_SIGN_STYLE = Automatic;
				CURRENT_PROJECT_VERSION = 1;
				DEVELOPMENT_TEAM = V7TH2GUA8U;
				GENERATE_INFOPLIST_FILE = YES;
				MARKETING_VERSION = 1.0;
				PRODUCT_BUNDLE_IDENTIFIER = com.Lime.DangleUITests;
				PRODUCT_NAME = "$(TARGET_NAME)";
				SWIFT_EMIT_LOC_STRINGS = NO;
				SWIFT_VERSION = 5.0;
				TARGETED_DEVICE_FAMILY = "1,2";
				TEST_TARGET_NAME = Dangle;
			};
			name = Debug;
		};
		3FACA8A72A7CE47C00F2544C /* Release */ = {
			isa = XCBuildConfiguration;
			buildSettings = {
				ALWAYS_EMBED_SWIFT_STANDARD_LIBRARIES = YES;
				CODE_SIGN_STYLE = Automatic;
				CURRENT_PROJECT_VERSION = 1;
				DEVELOPMENT_TEAM = V7TH2GUA8U;
				GENERATE_INFOPLIST_FILE = YES;
				MARKETING_VERSION = 1.0;
				PRODUCT_BUNDLE_IDENTIFIER = com.Lime.DangleUITests;
				PRODUCT_NAME = "$(TARGET_NAME)";
				SWIFT_EMIT_LOC_STRINGS = NO;
				SWIFT_VERSION = 5.0;
				TARGETED_DEVICE_FAMILY = "1,2";
				TEST_TARGET_NAME = Dangle;
			};
			name = Release;
		};
/* End XCBuildConfiguration section */

/* Begin XCConfigurationList section */
		3FACA8702A7CE47B00F2544C /* Build configuration list for PBXProject "Dangle" */ = {
			isa = XCConfigurationList;
			buildConfigurations = (
				3FACA89D2A7CE47C00F2544C /* Debug */,
				3FACA89E2A7CE47C00F2544C /* Release */,
			);
			defaultConfigurationIsVisible = 0;
			defaultConfigurationName = Release;
		};
		3FACA89F2A7CE47C00F2544C /* Build configuration list for PBXNativeTarget "Dangle" */ = {
			isa = XCConfigurationList;
			buildConfigurations = (
				3FACA8A02A7CE47C00F2544C /* Debug */,
				3FACA8A12A7CE47C00F2544C /* Release */,
			);
			defaultConfigurationIsVisible = 0;
			defaultConfigurationName = Release;
		};
		3FACA8A22A7CE47C00F2544C /* Build configuration list for PBXNativeTarget "DangleTests" */ = {
			isa = XCConfigurationList;
			buildConfigurations = (
				3FACA8A32A7CE47C00F2544C /* Debug */,
				3FACA8A42A7CE47C00F2544C /* Release */,
			);
			defaultConfigurationIsVisible = 0;
			defaultConfigurationName = Release;
		};
		3FACA8A52A7CE47C00F2544C /* Build configuration list for PBXNativeTarget "DangleUITests" */ = {
			isa = XCConfigurationList;
			buildConfigurations = (
				3FACA8A62A7CE47C00F2544C /* Debug */,
				3FACA8A72A7CE47C00F2544C /* Release */,
			);
			defaultConfigurationIsVisible = 0;
			defaultConfigurationName = Release;
		};
/* End XCConfigurationList section */

/* Begin XCRemoteSwiftPackageReference section */
		3FD3B59C2A88F24F0022C487 /* XCRemoteSwiftPackageReference "kakao-ios-sdk" */ = {
			isa = XCRemoteSwiftPackageReference;
			repositoryURL = "https://github.com/kakao/kakao-ios-sdk";
			requirement = {
				kind = upToNextMajorVersion;
				minimumVersion = 2.0.0;
			};
		};
/* End XCRemoteSwiftPackageReference section */

/* Begin XCSwiftPackageProductDependency section */
		3FD3B59D2A88F24F0022C487 /* KakaoSDK */ = {
			isa = XCSwiftPackageProductDependency;
			package = 3FD3B59C2A88F24F0022C487 /* XCRemoteSwiftPackageReference "kakao-ios-sdk" */;
			productName = KakaoSDK;
		};
		3FD3B59F2A88F24F0022C487 /* KakaoSDKAuth */ = {
			isa = XCSwiftPackageProductDependency;
			package = 3FD3B59C2A88F24F0022C487 /* XCRemoteSwiftPackageReference "kakao-ios-sdk" */;
			productName = KakaoSDKAuth;
		};
/* End XCSwiftPackageProductDependency section */
	};
	rootObject = 3FACA86D2A7CE47B00F2544C /* Project object */;
}
