// !$*UTF8*$!
{
	archiveVersion = 1;
	classes = {
	};
	objectVersion = 56;
	objects = {

/* Begin PBXBuildFile section */
		3F0F00E72AA019C000F0A36C /* NewIssueCategoryView.swift in Sources */ = {isa = PBXBuildFile; fileRef = 3F0F00E62AA019C000F0A36C /* NewIssueCategoryView.swift */; };
		3F1AB7D42A8DC96E0076CEAB /* GeocodeRepository.swift in Sources */ = {isa = PBXBuildFile; fileRef = 3F1AB78B2A8DC96E0076CEAB /* GeocodeRepository.swift */; };
		3F1AB7D52A8DC96E0076CEAB /* RegionCodeRepository.swift in Sources */ = {isa = PBXBuildFile; fileRef = 3F1AB78C2A8DC96E0076CEAB /* RegionCodeRepository.swift */; };
		3F1AB7D62A8DC96E0076CEAB /* ReverseGeocodeRepository.swift in Sources */ = {isa = PBXBuildFile; fileRef = 3F1AB78D2A8DC96E0076CEAB /* ReverseGeocodeRepository.swift */; };
		3F1AB7D72A8DC96E0076CEAB /* GeoLocationUseCase.swift in Sources */ = {isa = PBXBuildFile; fileRef = 3F1AB78F2A8DC96E0076CEAB /* GeoLocationUseCase.swift */; };
		3F1AB7D82A8DC96E0076CEAB /* ReverseGeocode.swift in Sources */ = {isa = PBXBuildFile; fileRef = 3F1AB7922A8DC96E0076CEAB /* ReverseGeocode.swift */; };
		3F1AB7D92A8DC96E0076CEAB /* Geocode.swift in Sources */ = {isa = PBXBuildFile; fileRef = 3F1AB7932A8DC96E0076CEAB /* Geocode.swift */; };
		3F1AB7DA2A8DC96E0076CEAB /* RegionCode.swift in Sources */ = {isa = PBXBuildFile; fileRef = 3F1AB7942A8DC96E0076CEAB /* RegionCode.swift */; };
		3F1AB7DB2A8DC96E0076CEAB /* TermsType.swift in Sources */ = {isa = PBXBuildFile; fileRef = 3F1AB7962A8DC96E0076CEAB /* TermsType.swift */; };
		3F1AB7DC2A8DC96E0076CEAB /* DefaultGeocodeRepository.swift in Sources */ = {isa = PBXBuildFile; fileRef = 3F1AB7992A8DC96E0076CEAB /* DefaultGeocodeRepository.swift */; };
		3F1AB7DD2A8DC96E0076CEAB /* DefaultRegionCodeRepository.swift in Sources */ = {isa = PBXBuildFile; fileRef = 3F1AB79A2A8DC96E0076CEAB /* DefaultRegionCodeRepository.swift */; };
		3F1AB7DE2A8DC96E0076CEAB /* DefaultReverseGeocodeRepository.swift in Sources */ = {isa = PBXBuildFile; fileRef = 3F1AB79B2A8DC96E0076CEAB /* DefaultReverseGeocodeRepository.swift */; };
		3F1AB7DF2A8DC96E0076CEAB /* HomeViewController.swift in Sources */ = {isa = PBXBuildFile; fileRef = 3F1AB79E2A8DC96E0076CEAB /* HomeViewController.swift */; };
		3F1AB7E02A8DC96E0076CEAB /* MapViewController.swift in Sources */ = {isa = PBXBuildFile; fileRef = 3F1AB7A02A8DC96E0076CEAB /* MapViewController.swift */; };
		3F1AB7E42A8DC96E0076CEAB /* TermsViewModel.swift in Sources */ = {isa = PBXBuildFile; fileRef = 3F1AB7A82A8DC96E0076CEAB /* TermsViewModel.swift */; };
		3F1AB7E52A8DC96E0076CEAB /* TermsTableViewCell.swift in Sources */ = {isa = PBXBuildFile; fileRef = 3F1AB7AB2A8DC96E0076CEAB /* TermsTableViewCell.swift */; };
		3F1AB7E62A8DC96E0076CEAB /* TermsViewController.swift in Sources */ = {isa = PBXBuildFile; fileRef = 3F1AB7AC2A8DC96E0076CEAB /* TermsViewController.swift */; };
		3F1AB7E72A8DC96E0076CEAB /* TermsDetailViewController.swift in Sources */ = {isa = PBXBuildFile; fileRef = 3F1AB7AD2A8DC96E0076CEAB /* TermsDetailViewController.swift */; };
		3F1AB7E82A8DC96E0076CEAB /* SignInViewController.swift in Sources */ = {isa = PBXBuildFile; fileRef = 3F1AB7AF2A8DC96E0076CEAB /* SignInViewController.swift */; };
		3F1AB7E92A8DC96E0076CEAB /* StartPageViewController.swift in Sources */ = {isa = PBXBuildFile; fileRef = 3F1AB7B12A8DC96E0076CEAB /* StartPageViewController.swift */; };
		3F1AB7EA2A8DC96E0076CEAB /* StartPageView.swift in Sources */ = {isa = PBXBuildFile; fileRef = 3F1AB7B22A8DC96E0076CEAB /* StartPageView.swift */; };
		3F1AB7EC2A8DC96E0076CEAB /* UserLocationViewModel.swift in Sources */ = {isa = PBXBuildFile; fileRef = 3F1AB7B62A8DC96E0076CEAB /* UserLocationViewModel.swift */; };
		3F1AB7ED2A8DC96E0076CEAB /* UserLocationTableViewCell.swift in Sources */ = {isa = PBXBuildFile; fileRef = 3F1AB7B92A8DC96E0076CEAB /* UserLocationTableViewCell.swift */; };
		3F1AB7EE2A8DC96E0076CEAB /* LocationAuthDisallowedView.swift in Sources */ = {isa = PBXBuildFile; fileRef = 3F1AB7BA2A8DC96E0076CEAB /* LocationAuthDisallowedView.swift */; };
		3F1AB7EF2A8DC96E0076CEAB /* UserLocationViewController.swift in Sources */ = {isa = PBXBuildFile; fileRef = 3F1AB7BB2A8DC96E0076CEAB /* UserLocationViewController.swift */; };
		3F1AB7F02A8DC96E0076CEAB /* NSLayoutConstraint+Priority.swift in Sources */ = {isa = PBXBuildFile; fileRef = 3F1AB7BE2A8DC96E0076CEAB /* NSLayoutConstraint+Priority.swift */; };
		3F1AB7F12A8DC96E0076CEAB /* ProfileViewController.swift in Sources */ = {isa = PBXBuildFile; fileRef = 3F1AB7C02A8DC96E0076CEAB /* ProfileViewController.swift */; };
		3F1AB7F22A8DC96E0076CEAB /* TabBarViewController.swift in Sources */ = {isa = PBXBuildFile; fileRef = 3F1AB7C12A8DC96E0076CEAB /* TabBarViewController.swift */; };
		3F1AB7F32A8DC96E0076CEAB /* Assets.xcassets in Resources */ = {isa = PBXBuildFile; fileRef = 3F1AB7C32A8DC96E0076CEAB /* Assets.xcassets */; };
		3F1AB7F42A8DC96E0076CEAB /* LaunchScreen.storyboard in Resources */ = {isa = PBXBuildFile; fileRef = 3F1AB7C42A8DC96E0076CEAB /* LaunchScreen.storyboard */; };
		3F1AB7F52A8DC96E0076CEAB /* AppConfigurations.swift in Sources */ = {isa = PBXBuildFile; fileRef = 3F1AB7C72A8DC96E0076CEAB /* AppConfigurations.swift */; };
		3F1AB7F62A8DC96E0076CEAB /* AppDelegate.swift in Sources */ = {isa = PBXBuildFile; fileRef = 3F1AB7C82A8DC96E0076CEAB /* AppDelegate.swift */; };
		3F1AB7F72A8DC96E0076CEAB /* SceneDelegate.swift in Sources */ = {isa = PBXBuildFile; fileRef = 3F1AB7C92A8DC96E0076CEAB /* SceneDelegate.swift */; };
		3F1AB7F82A8DC96E0076CEAB /* UserDefaultStorage.swift in Sources */ = {isa = PBXBuildFile; fileRef = 3F1AB7CC2A8DC96E0076CEAB /* UserDefaultStorage.swift */; };
		3F1AB7F92A8DC96E0076CEAB /* NetworkService.swift in Sources */ = {isa = PBXBuildFile; fileRef = 3F1AB7CE2A8DC96E0076CEAB /* NetworkService.swift */; };
		3F1AB7FA2A8DC96E0076CEAB /* NetworkResource.swift in Sources */ = {isa = PBXBuildFile; fileRef = 3F1AB7CF2A8DC96E0076CEAB /* NetworkResource.swift */; };
		3F1AB7FB2A8DC96E0076CEAB /* SensitiveInfoManager.swift in Sources */ = {isa = PBXBuildFile; fileRef = 3F1AB7D12A8DC96E0076CEAB /* SensitiveInfoManager.swift */; };
		3F1AB7FC2A8DC96E0076CEAB /* CoreLocationService.swift in Sources */ = {isa = PBXBuildFile; fileRef = 3F1AB7D32A8DC96E0076CEAB /* CoreLocationService.swift */; };
		3F3822872A9466E60019D994 /* FirebaseAuth in Frameworks */ = {isa = PBXBuildFile; productRef = 3F3822862A9466E60019D994 /* FirebaseAuth */; };
		3F3822892A9466E60019D994 /* FirebaseFirestore in Frameworks */ = {isa = PBXBuildFile; productRef = 3F3822882A9466E60019D994 /* FirebaseFirestore */; };
		3F38228B2A9466E60019D994 /* FirebaseStorage in Frameworks */ = {isa = PBXBuildFile; productRef = 3F38228A2A9466E60019D994 /* FirebaseStorage */; };
		3F41C19D2AA1866100E9A48C /* MapView.swift in Sources */ = {isa = PBXBuildFile; fileRef = 3F41C19C2AA1866100E9A48C /* MapView.swift */; };
		3F4964712A8E827600078EE3 /* CustomNavigationItem.swift in Sources */ = {isa = PBXBuildFile; fileRef = 3F4964702A8E827600078EE3 /* CustomNavigationItem.swift */; };
		3F4964762A8F592D00078EE3 /* String+SignUpCheckValid.swift in Sources */ = {isa = PBXBuildFile; fileRef = 3F4964752A8F592D00078EE3 /* String+SignUpCheckValid.swift */; };
		3F49647B2A8F5D1800078EE3 /* EmailValidationService.swift in Sources */ = {isa = PBXBuildFile; fileRef = 3F49647A2A8F5D1800078EE3 /* EmailValidationService.swift */; };
		3F49647D2A8F5D4000078EE3 /* PasswordValidationService.swift in Sources */ = {isa = PBXBuildFile; fileRef = 3F49647C2A8F5D4000078EE3 /* PasswordValidationService.swift */; };
		3F49648C2A8F866400078EE3 /* AuthRepository.swift in Sources */ = {isa = PBXBuildFile; fileRef = 3F49648B2A8F866400078EE3 /* AuthRepository.swift */; };
		3F4964912A8F873000078EE3 /* DefaultsAuthRepository.swift in Sources */ = {isa = PBXBuildFile; fileRef = 3F4964902A8F873000078EE3 /* DefaultsAuthRepository.swift */; };
		3F4964952A8F884300078EE3 /* SignUpUseCase.swift in Sources */ = {isa = PBXBuildFile; fileRef = 3F4964942A8F884300078EE3 /* SignUpUseCase.swift */; };
		3F4964992A8FA1FD00078EE3 /* UserInfo.swift in Sources */ = {isa = PBXBuildFile; fileRef = 3F4964982A8FA1FD00078EE3 /* UserInfo.swift */; };
		3F80C0062A9DBCAD00F2128D /* NewIssueDTO.swift in Sources */ = {isa = PBXBuildFile; fileRef = 3F80C0052A9DBCAD00F2128D /* NewIssueDTO.swift */; };
		3F8CD6E02A96D8EC00307372 /* NewIssueCollectionViewCell.swift in Sources */ = {isa = PBXBuildFile; fileRef = 3F8CD6DF2A96D8EC00307372 /* NewIssueCollectionViewCell.swift */; };
		3F8CD6E22A96D8FA00307372 /* InformationCollectionViewCell.swift in Sources */ = {isa = PBXBuildFile; fileRef = 3F8CD6E12A96D8FA00307372 /* InformationCollectionViewCell.swift */; };
		3F8CD6E42A96D90900307372 /* TodayCollectionViewCell.swift in Sources */ = {isa = PBXBuildFile; fileRef = 3F8CD6E32A96D90900307372 /* TodayCollectionViewCell.swift */; };
		3F8CD6E72A96D92300307372 /* Kingfisher in Frameworks */ = {isa = PBXBuildFile; productRef = 3F8CD6E62A96D92300307372 /* Kingfisher */; };
		3F8CD6EF2A96E91A00307372 /* LocalEventUseCase.swift in Sources */ = {isa = PBXBuildFile; fileRef = 3F8CD6EE2A96E91A00307372 /* LocalEventUseCase.swift */; };
		3F8CD6F22A96EA8100307372 /* LocalEventRepository.swift in Sources */ = {isa = PBXBuildFile; fileRef = 3F8CD6F12A96EA8100307372 /* LocalEventRepository.swift */; };
		3F8CD6F52A96EAFD00307372 /* DefaultsLocalEventRepository.swift in Sources */ = {isa = PBXBuildFile; fileRef = 3F8CD6F42A96EAFD00307372 /* DefaultsLocalEventRepository.swift */; };
		3F8CD6F72A97101300307372 /* HomeViewModel.swift in Sources */ = {isa = PBXBuildFile; fileRef = 3F8CD6F62A97101300307372 /* HomeViewModel.swift */; };
		3F8CD6F92A972CCB00307372 /* UserUseCase.swift in Sources */ = {isa = PBXBuildFile; fileRef = 3F8CD6F82A972CCB00307372 /* UserUseCase.swift */; };
		3F8CD6FC2A972D1E00307372 /* UserInfoRepository.swift in Sources */ = {isa = PBXBuildFile; fileRef = 3F8CD6FB2A972D1E00307372 /* UserInfoRepository.swift */; };
		3F8CD6FF2A972D5D00307372 /* DefaultsUserInfoRepository.swift in Sources */ = {isa = PBXBuildFile; fileRef = 3F8CD6FE2A972D5D00307372 /* DefaultsUserInfoRepository.swift */; };
		3F8CD7012A97474200307372 /* CulturalEvent.swift in Sources */ = {isa = PBXBuildFile; fileRef = 3F8CD7002A97474200307372 /* CulturalEvent.swift */; };
		3F8CD7032A97479400307372 /* EducationEvent.swift in Sources */ = {isa = PBXBuildFile; fileRef = 3F8CD7022A97479400307372 /* EducationEvent.swift */; };
		3FACA8902A7CE47C00F2544C /* DangleTests.swift in Sources */ = {isa = PBXBuildFile; fileRef = 3FACA88F2A7CE47C00F2544C /* DangleTests.swift */; };
		3FACA89A2A7CE47C00F2544C /* DangleUITests.swift in Sources */ = {isa = PBXBuildFile; fileRef = 3FACA8992A7CE47C00F2544C /* DangleUITests.swift */; };
		3FACA89C2A7CE47C00F2544C /* DangleUITestsLaunchTests.swift in Sources */ = {isa = PBXBuildFile; fileRef = 3FACA89B2A7CE47C00F2544C /* DangleUITestsLaunchTests.swift */; };
		3FB1120B2AA06E3E00C73A3A /* BackgroundDecorationView.swift in Sources */ = {isa = PBXBuildFile; fileRef = 3FB1120A2AA06E3E00C73A3A /* BackgroundDecorationView.swift */; };
		3FB112112AA0830600C73A3A /* EventDetailViewModel.swift in Sources */ = {isa = PBXBuildFile; fileRef = 3FB112102AA0830600C73A3A /* EventDetailViewModel.swift */; };
		3FB112132AA088F600C73A3A /* NewIssueDetailViewModel.swift in Sources */ = {isa = PBXBuildFile; fileRef = 3FB112122AA088F600C73A3A /* NewIssueDetailViewModel.swift */; };
		3FB112152AA0890D00C73A3A /* NewIssueDetailView.swift in Sources */ = {isa = PBXBuildFile; fileRef = 3FB112142AA0890D00C73A3A /* NewIssueDetailView.swift */; };
		3FB14B532A90EFA100A356DA /* RegEmailViewController.swift in Sources */ = {isa = PBXBuildFile; fileRef = 3FB14B522A90EFA100A356DA /* RegEmailViewController.swift */; };
		3FB14B592A90F08A00A356DA /* CommonTextFieldView.swift in Sources */ = {isa = PBXBuildFile; fileRef = 3FB14B582A90F08A00A356DA /* CommonTextFieldView.swift */; };
		3FB14B5D2A90F8BE00A356DA /* UnderLineTextField.swift in Sources */ = {isa = PBXBuildFile; fileRef = 3FB14B5C2A90F8BE00A356DA /* UnderLineTextField.swift */; };
		3FB14B622A90FA6500A356DA /* RegEmailViewModel.swift in Sources */ = {isa = PBXBuildFile; fileRef = 3FB14B612A90FA6500A356DA /* RegEmailViewModel.swift */; };
		3FB14B672A9115F200A356DA /* RegPasswordViewController.swift in Sources */ = {isa = PBXBuildFile; fileRef = 3FB14B662A9115F200A356DA /* RegPasswordViewController.swift */; };
		3FB14B692A91184C00A356DA /* RegPasswordViewModel.swift in Sources */ = {isa = PBXBuildFile; fileRef = 3FB14B682A91184C00A356DA /* RegPasswordViewModel.swift */; };
		3FB14B6D2A912F1500A356DA /* CommonButtonView.swift in Sources */ = {isa = PBXBuildFile; fileRef = 3FB14B6C2A912F1500A356DA /* CommonButtonView.swift */; };
		3FB14B752A91D9B500A356DA /* RegNicknameViewModel.swift in Sources */ = {isa = PBXBuildFile; fileRef = 3FB14B742A91D9B500A356DA /* RegNicknameViewModel.swift */; };
		3FB14B772A91D9C700A356DA /* RegNicknameViewController.swift in Sources */ = {isa = PBXBuildFile; fileRef = 3FB14B762A91D9C700A356DA /* RegNicknameViewController.swift */; };
		3FB14B792A91DC0D00A356DA /* NickNameValidationService.swift in Sources */ = {isa = PBXBuildFile; fileRef = 3FB14B782A91DC0D00A356DA /* NickNameValidationService.swift */; };
		3FC8D9BA2A99D02B007BDEB5 /* NewIssue.swift in Sources */ = {isa = PBXBuildFile; fileRef = 3FC8D9B92A99D02B007BDEB5 /* NewIssue.swift */; };
		3FC8D9BD2A99EF2A007BDEB5 /* Evaluation.swift in Sources */ = {isa = PBXBuildFile; fileRef = 3FC8D9BC2A99EF2A007BDEB5 /* Evaluation.swift */; };
		3FD6181D2A9866B000CE6690 /* GoogleService-Info.plist in Resources */ = {isa = PBXBuildFile; fileRef = 3FD6181C2A9866B000CE6690 /* GoogleService-Info.plist */; };
		3FD618242A987F1F00CE6690 /* HomeSectionHeaderReusableView.swift in Sources */ = {isa = PBXBuildFile; fileRef = 3FD618232A987F1F00CE6690 /* HomeSectionHeaderReusableView.swift */; };
		3FD618282A98909300CE6690 /* EventDetailViewController.swift in Sources */ = {isa = PBXBuildFile; fileRef = 3FD618272A98909300CE6690 /* EventDetailViewController.swift */; };
		3FD618302A98A2BE00CE6690 /* EventDTO.swift in Sources */ = {isa = PBXBuildFile; fileRef = 3FD6182F2A98A2BE00CE6690 /* EventDTO.swift */; };
		3FD618342A98A6B500CE6690 /* EventDetailView.swift in Sources */ = {isa = PBXBuildFile; fileRef = 3FD618332A98A6B500CE6690 /* EventDetailView.swift */; };
		3FE361C72A92D437000F1B38 /* RegisterWelcomeViewController.swift in Sources */ = {isa = PBXBuildFile; fileRef = 3FE361C62A92D437000F1B38 /* RegisterWelcomeViewController.swift */; };
		3FE361CA2A92D9CC000F1B38 /* RegisterWelcomeViewModel.swift in Sources */ = {isa = PBXBuildFile; fileRef = 3FE361C92A92D9CC000F1B38 /* RegisterWelcomeViewModel.swift */; };
		3FE361CC2A931BA2000F1B38 /* SignInViewModel.swift in Sources */ = {isa = PBXBuildFile; fileRef = 3FE361CB2A931BA2000F1B38 /* SignInViewModel.swift */; };
		3FE361CF2A931E77000F1B38 /* User.swift in Sources */ = {isa = PBXBuildFile; fileRef = 3FE361CE2A931E77000F1B38 /* User.swift */; };
		3FE361D22A931EF4000F1B38 /* SignInUseCase.swift in Sources */ = {isa = PBXBuildFile; fileRef = 3FE361D12A931EF4000F1B38 /* SignInUseCase.swift */; };
		3FE361D42A93475A000F1B38 /* SettingViewController.swift in Sources */ = {isa = PBXBuildFile; fileRef = 3FE361D32A93475A000F1B38 /* SettingViewController.swift */; };
		3FE68BC22AA0A96F00595733 /* NewIssueDetailViewController.swift in Sources */ = {isa = PBXBuildFile; fileRef = 3FE68BC12AA0A96F00595733 /* NewIssueDetailViewController.swift */; };
		3FE68BC52AA0B00100595733 /* SwiftSoup in Frameworks */ = {isa = PBXBuildFile; productRef = 3FE68BC42AA0B00100595733 /* SwiftSoup */; };
		3FF76A332A80CF1000A5CA29 /* .swiftlint.yml in Resources */ = {isa = PBXBuildFile; fileRef = 3FF76A322A80CF1000A5CA29 /* .swiftlint.yml */; };
/* End PBXBuildFile section */

/* Begin PBXContainerItemProxy section */
		3FACA88C2A7CE47C00F2544C /* PBXContainerItemProxy */ = {
			isa = PBXContainerItemProxy;
			containerPortal = 3FACA86D2A7CE47B00F2544C /* Project object */;
			proxyType = 1;
			remoteGlobalIDString = 3FACA8742A7CE47B00F2544C;
			remoteInfo = Dangle;
		};
		3FACA8962A7CE47C00F2544C /* PBXContainerItemProxy */ = {
			isa = PBXContainerItemProxy;
			containerPortal = 3FACA86D2A7CE47B00F2544C /* Project object */;
			proxyType = 1;
			remoteGlobalIDString = 3FACA8742A7CE47B00F2544C;
			remoteInfo = Dangle;
		};
/* End PBXContainerItemProxy section */

/* Begin PBXFileReference section */
		3F0F00E62AA019C000F0A36C /* NewIssueCategoryView.swift */ = {isa = PBXFileReference; lastKnownFileType = sourcecode.swift; path = NewIssueCategoryView.swift; sourceTree = "<group>"; };
		3F1AB78B2A8DC96E0076CEAB /* GeocodeRepository.swift */ = {isa = PBXFileReference; fileEncoding = 4; lastKnownFileType = sourcecode.swift; path = GeocodeRepository.swift; sourceTree = "<group>"; };
		3F1AB78C2A8DC96E0076CEAB /* RegionCodeRepository.swift */ = {isa = PBXFileReference; fileEncoding = 4; lastKnownFileType = sourcecode.swift; path = RegionCodeRepository.swift; sourceTree = "<group>"; };
		3F1AB78D2A8DC96E0076CEAB /* ReverseGeocodeRepository.swift */ = {isa = PBXFileReference; fileEncoding = 4; lastKnownFileType = sourcecode.swift; path = ReverseGeocodeRepository.swift; sourceTree = "<group>"; };
		3F1AB78F2A8DC96E0076CEAB /* GeoLocationUseCase.swift */ = {isa = PBXFileReference; fileEncoding = 4; lastKnownFileType = sourcecode.swift; path = GeoLocationUseCase.swift; sourceTree = "<group>"; };
		3F1AB7922A8DC96E0076CEAB /* ReverseGeocode.swift */ = {isa = PBXFileReference; fileEncoding = 4; lastKnownFileType = sourcecode.swift; path = ReverseGeocode.swift; sourceTree = "<group>"; };
		3F1AB7932A8DC96E0076CEAB /* Geocode.swift */ = {isa = PBXFileReference; fileEncoding = 4; lastKnownFileType = sourcecode.swift; path = Geocode.swift; sourceTree = "<group>"; };
		3F1AB7942A8DC96E0076CEAB /* RegionCode.swift */ = {isa = PBXFileReference; fileEncoding = 4; lastKnownFileType = sourcecode.swift; path = RegionCode.swift; sourceTree = "<group>"; };
		3F1AB7962A8DC96E0076CEAB /* TermsType.swift */ = {isa = PBXFileReference; fileEncoding = 4; lastKnownFileType = sourcecode.swift; path = TermsType.swift; sourceTree = "<group>"; };
		3F1AB7992A8DC96E0076CEAB /* DefaultGeocodeRepository.swift */ = {isa = PBXFileReference; fileEncoding = 4; lastKnownFileType = sourcecode.swift; path = DefaultGeocodeRepository.swift; sourceTree = "<group>"; };
		3F1AB79A2A8DC96E0076CEAB /* DefaultRegionCodeRepository.swift */ = {isa = PBXFileReference; fileEncoding = 4; lastKnownFileType = sourcecode.swift; path = DefaultRegionCodeRepository.swift; sourceTree = "<group>"; };
		3F1AB79B2A8DC96E0076CEAB /* DefaultReverseGeocodeRepository.swift */ = {isa = PBXFileReference; fileEncoding = 4; lastKnownFileType = sourcecode.swift; path = DefaultReverseGeocodeRepository.swift; sourceTree = "<group>"; };
		3F1AB79E2A8DC96E0076CEAB /* HomeViewController.swift */ = {isa = PBXFileReference; fileEncoding = 4; lastKnownFileType = sourcecode.swift; path = HomeViewController.swift; sourceTree = "<group>"; };
		3F1AB7A02A8DC96E0076CEAB /* MapViewController.swift */ = {isa = PBXFileReference; fileEncoding = 4; lastKnownFileType = sourcecode.swift; path = MapViewController.swift; sourceTree = "<group>"; };
		3F1AB7A82A8DC96E0076CEAB /* TermsViewModel.swift */ = {isa = PBXFileReference; fileEncoding = 4; lastKnownFileType = sourcecode.swift; path = TermsViewModel.swift; sourceTree = "<group>"; };
		3F1AB7AB2A8DC96E0076CEAB /* TermsTableViewCell.swift */ = {isa = PBXFileReference; fileEncoding = 4; lastKnownFileType = sourcecode.swift; path = TermsTableViewCell.swift; sourceTree = "<group>"; };
		3F1AB7AC2A8DC96E0076CEAB /* TermsViewController.swift */ = {isa = PBXFileReference; fileEncoding = 4; lastKnownFileType = sourcecode.swift; path = TermsViewController.swift; sourceTree = "<group>"; };
		3F1AB7AD2A8DC96E0076CEAB /* TermsDetailViewController.swift */ = {isa = PBXFileReference; fileEncoding = 4; lastKnownFileType = sourcecode.swift; path = TermsDetailViewController.swift; sourceTree = "<group>"; };
		3F1AB7AF2A8DC96E0076CEAB /* SignInViewController.swift */ = {isa = PBXFileReference; fileEncoding = 4; lastKnownFileType = sourcecode.swift; path = SignInViewController.swift; sourceTree = "<group>"; };
		3F1AB7B12A8DC96E0076CEAB /* StartPageViewController.swift */ = {isa = PBXFileReference; fileEncoding = 4; lastKnownFileType = sourcecode.swift; path = StartPageViewController.swift; sourceTree = "<group>"; };
		3F1AB7B22A8DC96E0076CEAB /* StartPageView.swift */ = {isa = PBXFileReference; fileEncoding = 4; lastKnownFileType = sourcecode.swift; path = StartPageView.swift; sourceTree = "<group>"; };
		3F1AB7B62A8DC96E0076CEAB /* UserLocationViewModel.swift */ = {isa = PBXFileReference; fileEncoding = 4; lastKnownFileType = sourcecode.swift; path = UserLocationViewModel.swift; sourceTree = "<group>"; };
		3F1AB7B92A8DC96E0076CEAB /* UserLocationTableViewCell.swift */ = {isa = PBXFileReference; fileEncoding = 4; lastKnownFileType = sourcecode.swift; path = UserLocationTableViewCell.swift; sourceTree = "<group>"; };
		3F1AB7BA2A8DC96E0076CEAB /* LocationAuthDisallowedView.swift */ = {isa = PBXFileReference; fileEncoding = 4; lastKnownFileType = sourcecode.swift; path = LocationAuthDisallowedView.swift; sourceTree = "<group>"; };
		3F1AB7BB2A8DC96E0076CEAB /* UserLocationViewController.swift */ = {isa = PBXFileReference; fileEncoding = 4; lastKnownFileType = sourcecode.swift; path = UserLocationViewController.swift; sourceTree = "<group>"; };
		3F1AB7BE2A8DC96E0076CEAB /* NSLayoutConstraint+Priority.swift */ = {isa = PBXFileReference; fileEncoding = 4; lastKnownFileType = sourcecode.swift; path = "NSLayoutConstraint+Priority.swift"; sourceTree = "<group>"; };
		3F1AB7C02A8DC96E0076CEAB /* ProfileViewController.swift */ = {isa = PBXFileReference; fileEncoding = 4; lastKnownFileType = sourcecode.swift; path = ProfileViewController.swift; sourceTree = "<group>"; };
		3F1AB7C12A8DC96E0076CEAB /* TabBarViewController.swift */ = {isa = PBXFileReference; fileEncoding = 4; lastKnownFileType = sourcecode.swift; path = TabBarViewController.swift; sourceTree = "<group>"; };
		3F1AB7C32A8DC96E0076CEAB /* Assets.xcassets */ = {isa = PBXFileReference; lastKnownFileType = folder.assetcatalog; path = Assets.xcassets; sourceTree = "<group>"; };
		3F1AB7C52A8DC96E0076CEAB /* Base */ = {isa = PBXFileReference; lastKnownFileType = file.storyboard; name = Base; path = Base.lproj/LaunchScreen.storyboard; sourceTree = "<group>"; };
		3F1AB7C72A8DC96E0076CEAB /* AppConfigurations.swift */ = {isa = PBXFileReference; fileEncoding = 4; lastKnownFileType = sourcecode.swift; path = AppConfigurations.swift; sourceTree = "<group>"; };
		3F1AB7C82A8DC96E0076CEAB /* AppDelegate.swift */ = {isa = PBXFileReference; fileEncoding = 4; lastKnownFileType = sourcecode.swift; path = AppDelegate.swift; sourceTree = "<group>"; };
		3F1AB7C92A8DC96E0076CEAB /* SceneDelegate.swift */ = {isa = PBXFileReference; fileEncoding = 4; lastKnownFileType = sourcecode.swift; path = SceneDelegate.swift; sourceTree = "<group>"; };
		3F1AB7CC2A8DC96E0076CEAB /* UserDefaultStorage.swift */ = {isa = PBXFileReference; fileEncoding = 4; lastKnownFileType = sourcecode.swift; path = UserDefaultStorage.swift; sourceTree = "<group>"; };
		3F1AB7CE2A8DC96E0076CEAB /* NetworkService.swift */ = {isa = PBXFileReference; fileEncoding = 4; lastKnownFileType = sourcecode.swift; path = NetworkService.swift; sourceTree = "<group>"; };
		3F1AB7CF2A8DC96E0076CEAB /* NetworkResource.swift */ = {isa = PBXFileReference; fileEncoding = 4; lastKnownFileType = sourcecode.swift; path = NetworkResource.swift; sourceTree = "<group>"; };
		3F1AB7D12A8DC96E0076CEAB /* SensitiveInfoManager.swift */ = {isa = PBXFileReference; fileEncoding = 4; lastKnownFileType = sourcecode.swift; path = SensitiveInfoManager.swift; sourceTree = "<group>"; };
		3F1AB7D32A8DC96E0076CEAB /* CoreLocationService.swift */ = {isa = PBXFileReference; fileEncoding = 4; lastKnownFileType = sourcecode.swift; path = CoreLocationService.swift; sourceTree = "<group>"; };
		3F41C19C2AA1866100E9A48C /* MapView.swift */ = {isa = PBXFileReference; lastKnownFileType = sourcecode.swift; path = MapView.swift; sourceTree = "<group>"; };
		3F4964702A8E827600078EE3 /* CustomNavigationItem.swift */ = {isa = PBXFileReference; lastKnownFileType = sourcecode.swift; path = CustomNavigationItem.swift; sourceTree = "<group>"; };
		3F4964752A8F592D00078EE3 /* String+SignUpCheckValid.swift */ = {isa = PBXFileReference; lastKnownFileType = sourcecode.swift; path = "String+SignUpCheckValid.swift"; sourceTree = "<group>"; };
		3F49647A2A8F5D1800078EE3 /* EmailValidationService.swift */ = {isa = PBXFileReference; lastKnownFileType = sourcecode.swift; path = EmailValidationService.swift; sourceTree = "<group>"; };
		3F49647C2A8F5D4000078EE3 /* PasswordValidationService.swift */ = {isa = PBXFileReference; lastKnownFileType = sourcecode.swift; path = PasswordValidationService.swift; sourceTree = "<group>"; };
		3F49648B2A8F866400078EE3 /* AuthRepository.swift */ = {isa = PBXFileReference; lastKnownFileType = sourcecode.swift; path = AuthRepository.swift; sourceTree = "<group>"; };
		3F4964902A8F873000078EE3 /* DefaultsAuthRepository.swift */ = {isa = PBXFileReference; lastKnownFileType = sourcecode.swift; path = DefaultsAuthRepository.swift; sourceTree = "<group>"; };
		3F4964942A8F884300078EE3 /* SignUpUseCase.swift */ = {isa = PBXFileReference; lastKnownFileType = sourcecode.swift; path = SignUpUseCase.swift; sourceTree = "<group>"; };
		3F4964982A8FA1FD00078EE3 /* UserInfo.swift */ = {isa = PBXFileReference; lastKnownFileType = sourcecode.swift; path = UserInfo.swift; sourceTree = "<group>"; };
		3F80C0052A9DBCAD00F2128D /* NewIssueDTO.swift */ = {isa = PBXFileReference; lastKnownFileType = sourcecode.swift; path = NewIssueDTO.swift; sourceTree = "<group>"; };
		3F8CD6DF2A96D8EC00307372 /* NewIssueCollectionViewCell.swift */ = {isa = PBXFileReference; lastKnownFileType = sourcecode.swift; path = NewIssueCollectionViewCell.swift; sourceTree = "<group>"; };
		3F8CD6E12A96D8FA00307372 /* InformationCollectionViewCell.swift */ = {isa = PBXFileReference; lastKnownFileType = sourcecode.swift; path = InformationCollectionViewCell.swift; sourceTree = "<group>"; };
		3F8CD6E32A96D90900307372 /* TodayCollectionViewCell.swift */ = {isa = PBXFileReference; lastKnownFileType = sourcecode.swift; path = TodayCollectionViewCell.swift; sourceTree = "<group>"; };
		3F8CD6EE2A96E91A00307372 /* LocalEventUseCase.swift */ = {isa = PBXFileReference; lastKnownFileType = sourcecode.swift; path = LocalEventUseCase.swift; sourceTree = "<group>"; };
		3F8CD6F12A96EA8100307372 /* LocalEventRepository.swift */ = {isa = PBXFileReference; lastKnownFileType = sourcecode.swift; path = LocalEventRepository.swift; sourceTree = "<group>"; };
		3F8CD6F42A96EAFD00307372 /* DefaultsLocalEventRepository.swift */ = {isa = PBXFileReference; lastKnownFileType = sourcecode.swift; path = DefaultsLocalEventRepository.swift; sourceTree = "<group>"; };
		3F8CD6F62A97101300307372 /* HomeViewModel.swift */ = {isa = PBXFileReference; lastKnownFileType = sourcecode.swift; path = HomeViewModel.swift; sourceTree = "<group>"; };
		3F8CD6F82A972CCB00307372 /* UserUseCase.swift */ = {isa = PBXFileReference; lastKnownFileType = sourcecode.swift; path = UserUseCase.swift; sourceTree = "<group>"; };
		3F8CD6FB2A972D1E00307372 /* UserInfoRepository.swift */ = {isa = PBXFileReference; lastKnownFileType = sourcecode.swift; path = UserInfoRepository.swift; sourceTree = "<group>"; };
		3F8CD6FE2A972D5D00307372 /* DefaultsUserInfoRepository.swift */ = {isa = PBXFileReference; lastKnownFileType = sourcecode.swift; path = DefaultsUserInfoRepository.swift; sourceTree = "<group>"; };
		3F8CD7002A97474200307372 /* CulturalEvent.swift */ = {isa = PBXFileReference; lastKnownFileType = sourcecode.swift; path = CulturalEvent.swift; sourceTree = "<group>"; };
		3F8CD7022A97479400307372 /* EducationEvent.swift */ = {isa = PBXFileReference; lastKnownFileType = sourcecode.swift; path = EducationEvent.swift; sourceTree = "<group>"; };
		3FACA8752A7CE47B00F2544C /* Dangle.app */ = {isa = PBXFileReference; explicitFileType = wrapper.application; includeInIndex = 0; path = Dangle.app; sourceTree = BUILT_PRODUCTS_DIR; };
		3FACA8862A7CE47C00F2544C /* Info.plist */ = {isa = PBXFileReference; lastKnownFileType = text.plist.xml; path = Info.plist; sourceTree = "<group>"; };
		3FACA88B2A7CE47C00F2544C /* DangleTests.xctest */ = {isa = PBXFileReference; explicitFileType = wrapper.cfbundle; includeInIndex = 0; path = DangleTests.xctest; sourceTree = BUILT_PRODUCTS_DIR; };
		3FACA88F2A7CE47C00F2544C /* DangleTests.swift */ = {isa = PBXFileReference; lastKnownFileType = sourcecode.swift; path = DangleTests.swift; sourceTree = "<group>"; };
		3FACA8952A7CE47C00F2544C /* DangleUITests.xctest */ = {isa = PBXFileReference; explicitFileType = wrapper.cfbundle; includeInIndex = 0; path = DangleUITests.xctest; sourceTree = BUILT_PRODUCTS_DIR; };
		3FACA8992A7CE47C00F2544C /* DangleUITests.swift */ = {isa = PBXFileReference; lastKnownFileType = sourcecode.swift; path = DangleUITests.swift; sourceTree = "<group>"; };
		3FACA89B2A7CE47C00F2544C /* DangleUITestsLaunchTests.swift */ = {isa = PBXFileReference; lastKnownFileType = sourcecode.swift; path = DangleUITestsLaunchTests.swift; sourceTree = "<group>"; };
		3FB1120A2AA06E3E00C73A3A /* BackgroundDecorationView.swift */ = {isa = PBXFileReference; lastKnownFileType = sourcecode.swift; path = BackgroundDecorationView.swift; sourceTree = "<group>"; };
		3FB112102AA0830600C73A3A /* EventDetailViewModel.swift */ = {isa = PBXFileReference; lastKnownFileType = sourcecode.swift; path = EventDetailViewModel.swift; sourceTree = "<group>"; };
		3FB112122AA088F600C73A3A /* NewIssueDetailViewModel.swift */ = {isa = PBXFileReference; lastKnownFileType = sourcecode.swift; path = NewIssueDetailViewModel.swift; sourceTree = "<group>"; };
		3FB112142AA0890D00C73A3A /* NewIssueDetailView.swift */ = {isa = PBXFileReference; lastKnownFileType = sourcecode.swift; path = NewIssueDetailView.swift; sourceTree = "<group>"; };
		3FB14B522A90EFA100A356DA /* RegEmailViewController.swift */ = {isa = PBXFileReference; lastKnownFileType = sourcecode.swift; path = RegEmailViewController.swift; sourceTree = "<group>"; };
		3FB14B582A90F08A00A356DA /* CommonTextFieldView.swift */ = {isa = PBXFileReference; lastKnownFileType = sourcecode.swift; path = CommonTextFieldView.swift; sourceTree = "<group>"; };
		3FB14B5C2A90F8BE00A356DA /* UnderLineTextField.swift */ = {isa = PBXFileReference; lastKnownFileType = sourcecode.swift; path = UnderLineTextField.swift; sourceTree = "<group>"; };
		3FB14B612A90FA6500A356DA /* RegEmailViewModel.swift */ = {isa = PBXFileReference; lastKnownFileType = sourcecode.swift; path = RegEmailViewModel.swift; sourceTree = "<group>"; };
		3FB14B662A9115F200A356DA /* RegPasswordViewController.swift */ = {isa = PBXFileReference; lastKnownFileType = sourcecode.swift; path = RegPasswordViewController.swift; sourceTree = "<group>"; };
		3FB14B682A91184C00A356DA /* RegPasswordViewModel.swift */ = {isa = PBXFileReference; lastKnownFileType = sourcecode.swift; path = RegPasswordViewModel.swift; sourceTree = "<group>"; };
		3FB14B6C2A912F1500A356DA /* CommonButtonView.swift */ = {isa = PBXFileReference; lastKnownFileType = sourcecode.swift; path = CommonButtonView.swift; sourceTree = "<group>"; };
		3FB14B742A91D9B500A356DA /* RegNicknameViewModel.swift */ = {isa = PBXFileReference; lastKnownFileType = sourcecode.swift; path = RegNicknameViewModel.swift; sourceTree = "<group>"; };
		3FB14B762A91D9C700A356DA /* RegNicknameViewController.swift */ = {isa = PBXFileReference; lastKnownFileType = sourcecode.swift; path = RegNicknameViewController.swift; sourceTree = "<group>"; };
		3FB14B782A91DC0D00A356DA /* NickNameValidationService.swift */ = {isa = PBXFileReference; lastKnownFileType = sourcecode.swift; path = NickNameValidationService.swift; sourceTree = "<group>"; };
		3FC8D9B92A99D02B007BDEB5 /* NewIssue.swift */ = {isa = PBXFileReference; lastKnownFileType = sourcecode.swift; path = NewIssue.swift; sourceTree = "<group>"; };
		3FC8D9BC2A99EF2A007BDEB5 /* Evaluation.swift */ = {isa = PBXFileReference; lastKnownFileType = sourcecode.swift; path = Evaluation.swift; sourceTree = "<group>"; };
		3FD6181C2A9866B000CE6690 /* GoogleService-Info.plist */ = {isa = PBXFileReference; fileEncoding = 4; lastKnownFileType = text.plist.xml; path = "GoogleService-Info.plist"; sourceTree = "<group>"; };
		3FD618232A987F1F00CE6690 /* HomeSectionHeaderReusableView.swift */ = {isa = PBXFileReference; lastKnownFileType = sourcecode.swift; path = HomeSectionHeaderReusableView.swift; sourceTree = "<group>"; };
		3FD618272A98909300CE6690 /* EventDetailViewController.swift */ = {isa = PBXFileReference; lastKnownFileType = sourcecode.swift; path = EventDetailViewController.swift; sourceTree = "<group>"; };
		3FD6182F2A98A2BE00CE6690 /* EventDTO.swift */ = {isa = PBXFileReference; lastKnownFileType = sourcecode.swift; path = EventDTO.swift; sourceTree = "<group>"; };
		3FD618332A98A6B500CE6690 /* EventDetailView.swift */ = {isa = PBXFileReference; lastKnownFileType = sourcecode.swift; path = EventDetailView.swift; sourceTree = "<group>"; };
		3FE361C62A92D437000F1B38 /* RegisterWelcomeViewController.swift */ = {isa = PBXFileReference; lastKnownFileType = sourcecode.swift; path = RegisterWelcomeViewController.swift; sourceTree = "<group>"; };
		3FE361C92A92D9CC000F1B38 /* RegisterWelcomeViewModel.swift */ = {isa = PBXFileReference; lastKnownFileType = sourcecode.swift; path = RegisterWelcomeViewModel.swift; sourceTree = "<group>"; };
		3FE361CB2A931BA2000F1B38 /* SignInViewModel.swift */ = {isa = PBXFileReference; lastKnownFileType = sourcecode.swift; path = SignInViewModel.swift; sourceTree = "<group>"; };
		3FE361CE2A931E77000F1B38 /* User.swift */ = {isa = PBXFileReference; lastKnownFileType = sourcecode.swift; path = User.swift; sourceTree = "<group>"; };
		3FE361D12A931EF4000F1B38 /* SignInUseCase.swift */ = {isa = PBXFileReference; lastKnownFileType = sourcecode.swift; path = SignInUseCase.swift; sourceTree = "<group>"; };
		3FE361D32A93475A000F1B38 /* SettingViewController.swift */ = {isa = PBXFileReference; lastKnownFileType = sourcecode.swift; path = SettingViewController.swift; sourceTree = "<group>"; };
		3FE68BC12AA0A96F00595733 /* NewIssueDetailViewController.swift */ = {isa = PBXFileReference; lastKnownFileType = sourcecode.swift; path = NewIssueDetailViewController.swift; sourceTree = "<group>"; };
		3FF76A322A80CF1000A5CA29 /* .swiftlint.yml */ = {isa = PBXFileReference; lastKnownFileType = text.yaml; path = .swiftlint.yml; sourceTree = "<group>"; };
/* End PBXFileReference section */

/* Begin PBXFrameworksBuildPhase section */
		3FACA8722A7CE47B00F2544C /* Frameworks */ = {
			isa = PBXFrameworksBuildPhase;
			buildActionMask = 2147483647;
			files = (
				3F8CD6E72A96D92300307372 /* Kingfisher in Frameworks */,
				3F3822872A9466E60019D994 /* FirebaseAuth in Frameworks */,
				3F3822892A9466E60019D994 /* FirebaseFirestore in Frameworks */,
				3F38228B2A9466E60019D994 /* FirebaseStorage in Frameworks */,
				3FE68BC52AA0B00100595733 /* SwiftSoup in Frameworks */,
			);
			runOnlyForDeploymentPostprocessing = 0;
		};
		3FACA8882A7CE47C00F2544C /* Frameworks */ = {
			isa = PBXFrameworksBuildPhase;
			buildActionMask = 2147483647;
			files = (
			);
			runOnlyForDeploymentPostprocessing = 0;
		};
		3FACA8922A7CE47C00F2544C /* Frameworks */ = {
			isa = PBXFrameworksBuildPhase;
			buildActionMask = 2147483647;
			files = (
			);
			runOnlyForDeploymentPostprocessing = 0;
		};
/* End PBXFrameworksBuildPhase section */

/* Begin PBXGroup section */
		3F1AB7882A8DC96E0076CEAB /* Domain */ = {
			isa = PBXGroup;
			children = (
				3F1AB7902A8DC96E0076CEAB /* Entities */,
				3F1AB78E2A8DC96E0076CEAB /* UseCases */,
				3F1AB7892A8DC96E0076CEAB /* Interface */,
				3F4964782A8F5CE300078EE3 /* Services */,
			);
			path = Domain;
			sourceTree = "<group>";
		};
		3F1AB7892A8DC96E0076CEAB /* Interface */ = {
			isa = PBXGroup;
			children = (
				3F1AB78A2A8DC96E0076CEAB /* Repositories */,
			);
			path = Interface;
			sourceTree = "<group>";
		};
		3F1AB78A2A8DC96E0076CEAB /* Repositories */ = {
			isa = PBXGroup;
			children = (
				3F4964892A8F864B00078EE3 /* AuthRepository */,
				3F4964882A8F863D00078EE3 /* UserLocationRepository */,
				3F8CD6F02A96EA4600307372 /* LocalEventRepository */,
				3F8CD6FA2A972CDF00307372 /* UserInfoRepository */,
			);
			path = Repositories;
			sourceTree = "<group>";
		};
		3F1AB78E2A8DC96E0076CEAB /* UseCases */ = {
			isa = PBXGroup;
			children = (
				3F1AB78F2A8DC96E0076CEAB /* GeoLocationUseCase.swift */,
				3F4964942A8F884300078EE3 /* SignUpUseCase.swift */,
				3FE361D12A931EF4000F1B38 /* SignInUseCase.swift */,
				3F8CD6EE2A96E91A00307372 /* LocalEventUseCase.swift */,
				3F8CD6F82A972CCB00307372 /* UserUseCase.swift */,
			);
			path = UseCases;
			sourceTree = "<group>";
		};
		3F1AB7902A8DC96E0076CEAB /* Entities */ = {
			isa = PBXGroup;
			children = (
				3F1AB7912A8DC96E0076CEAB /* Location */,
				3FE361CD2A931E08000F1B38 /* Auth */,
				3F8CD6E82A96E64E00307372 /* LocalEvent */,
				3FC8D9BB2A99EF01007BDEB5 /* Post */,
			);
			path = Entities;
			sourceTree = "<group>";
		};
		3F1AB7912A8DC96E0076CEAB /* Location */ = {
			isa = PBXGroup;
			children = (
				3F1AB7922A8DC96E0076CEAB /* ReverseGeocode.swift */,
				3F1AB7932A8DC96E0076CEAB /* Geocode.swift */,
				3F1AB7942A8DC96E0076CEAB /* RegionCode.swift */,
			);
			path = Location;
			sourceTree = "<group>";
		};
		3F1AB7952A8DC96E0076CEAB /* Terms */ = {
			isa = PBXGroup;
			children = (
				3F1AB7962A8DC96E0076CEAB /* TermsType.swift */,
			);
			path = Terms;
			sourceTree = "<group>";
		};
		3F1AB7972A8DC96E0076CEAB /* Data */ = {
			isa = PBXGroup;
			children = (
				3F1AB7982A8DC96E0076CEAB /* Repositories */,
				3F49646D2A8E5FF100078EE3 /* PersistentStorages */,
			);
			path = Data;
			sourceTree = "<group>";
		};
		3F1AB7982A8DC96E0076CEAB /* Repositories */ = {
			isa = PBXGroup;
			children = (
				3F4964862A8F855900078EE3 /* DefaultsUserLocationRepository */,
				3F4964872A8F856C00078EE3 /* DefaultsAuthRepository */,
				3F8CD6FD2A972D4A00307372 /* DefaultsUserInfoRepository */,
				3F8CD6F32A96EACA00307372 /* DefaultsLocalEventRepository */,
			);
			path = Repositories;
			sourceTree = "<group>";
		};
		3F1AB79C2A8DC96E0076CEAB /* Presentation */ = {
			isa = PBXGroup;
			children = (
				3F8CD6D92A96D5C300307372 /* TabBar */,
				3F1AB7A12A8DC96E0076CEAB /* Authentication */,
				3F1AB79D2A8DC96E0076CEAB /* Home */,
				3F1AB79F2A8DC96E0076CEAB /* Map */,
				3F1AB7BF2A8DC96E0076CEAB /* Profile */,
				3F1AB7BC2A8DC96E0076CEAB /* Utils */,
			);
			path = Presentation;
			sourceTree = "<group>";
		};
		3F1AB79D2A8DC96E0076CEAB /* Home */ = {
			isa = PBXGroup;
			children = (
				3F8CD6CB2A96D41500307372 /* ViewModel */,
				3F8CD6CA2A96D40F00307372 /* View */,
			);
			path = Home;
			sourceTree = "<group>";
		};
		3F1AB79F2A8DC96E0076CEAB /* Map */ = {
			isa = PBXGroup;
			children = (
				3F8CD6D32A96D58800307372 /* MapTab */,
			);
			path = Map;
			sourceTree = "<group>";
		};
		3F1AB7A12A8DC96E0076CEAB /* Authentication */ = {
			isa = PBXGroup;
			children = (
				3F1AB7B02A8DC96E0076CEAB /* StartPage */,
				3F1AB7B32A8DC96E0076CEAB /* UserLocation */,
				3F1AB7A62A8DC96E0076CEAB /* Terms */,
				3F1AB7A22A8DC96E0076CEAB /* SignUp */,
				3F1AB7AE2A8DC96E0076CEAB /* SignIn */,
			);
			path = Authentication;
			sourceTree = "<group>";
		};
		3F1AB7A22A8DC96E0076CEAB /* SignUp */ = {
			isa = PBXGroup;
			children = (
				3FB14B5E2A90FA0400A356DA /* RegisterEmail */,
				3FB14B632A9115D100A356DA /* RegisterPassword */,
				3FB14B712A91D86500A356DA /* RegisterNickname */,
				3FE361C12A92D3D7000F1B38 /* RegisterWelcome */,
				3F49646A2A8E5DEC00078EE3 /* CommonComponents */,
			);
			path = SignUp;
			sourceTree = "<group>";
		};
		3F1AB7A62A8DC96E0076CEAB /* Terms */ = {
			isa = PBXGroup;
			children = (
				3F1AB7A72A8DC96E0076CEAB /* ViewModel */,
				3F1AB7A92A8DC96E0076CEAB /* View */,
			);
			path = Terms;
			sourceTree = "<group>";
		};
		3F1AB7A72A8DC96E0076CEAB /* ViewModel */ = {
			isa = PBXGroup;
			children = (
				3F1AB7A82A8DC96E0076CEAB /* TermsViewModel.swift */,
			);
			path = ViewModel;
			sourceTree = "<group>";
		};
		3F1AB7A92A8DC96E0076CEAB /* View */ = {
			isa = PBXGroup;
			children = (
				3F1AB7AC2A8DC96E0076CEAB /* TermsViewController.swift */,
				3F1AB7AD2A8DC96E0076CEAB /* TermsDetailViewController.swift */,
				3F1AB7AA2A8DC96E0076CEAB /* Cells */,
			);
			path = View;
			sourceTree = "<group>";
		};
		3F1AB7AA2A8DC96E0076CEAB /* Cells */ = {
			isa = PBXGroup;
			children = (
				3F1AB7AB2A8DC96E0076CEAB /* TermsTableViewCell.swift */,
			);
			path = Cells;
			sourceTree = "<group>";
		};
		3F1AB7AE2A8DC96E0076CEAB /* SignIn */ = {
			isa = PBXGroup;
			children = (
				3FB14B7B2A92033400A356DA /* View */,
				3FB14B7A2A92032D00A356DA /* ViewModel */,
			);
			path = SignIn;
			sourceTree = "<group>";
		};
		3F1AB7B02A8DC96E0076CEAB /* StartPage */ = {
			isa = PBXGroup;
			children = (
				3F1AB7B12A8DC96E0076CEAB /* StartPageViewController.swift */,
				3F1AB7B22A8DC96E0076CEAB /* StartPageView.swift */,
			);
			path = StartPage;
			sourceTree = "<group>";
		};
		3F1AB7B32A8DC96E0076CEAB /* UserLocation */ = {
			isa = PBXGroup;
			children = (
				3F1AB7B42A8DC96E0076CEAB /* ViewModel */,
				3F1AB7B72A8DC96E0076CEAB /* View */,
			);
			path = UserLocation;
			sourceTree = "<group>";
		};
		3F1AB7B42A8DC96E0076CEAB /* ViewModel */ = {
			isa = PBXGroup;
			children = (
				3F1AB7B62A8DC96E0076CEAB /* UserLocationViewModel.swift */,
			);
			path = ViewModel;
			sourceTree = "<group>";
		};
		3F1AB7B72A8DC96E0076CEAB /* View */ = {
			isa = PBXGroup;
			children = (
				3F1AB7BB2A8DC96E0076CEAB /* UserLocationViewController.swift */,
				3F1AB7BA2A8DC96E0076CEAB /* LocationAuthDisallowedView.swift */,
				3F1AB7B82A8DC96E0076CEAB /* Cells */,
			);
			path = View;
			sourceTree = "<group>";
		};
		3F1AB7B82A8DC96E0076CEAB /* Cells */ = {
			isa = PBXGroup;
			children = (
				3F1AB7B92A8DC96E0076CEAB /* UserLocationTableViewCell.swift */,
			);
			path = Cells;
			sourceTree = "<group>";
		};
		3F1AB7BC2A8DC96E0076CEAB /* Utils */ = {
			isa = PBXGroup;
			children = (
				3F49646F2A8E825E00078EE3 /* UI */,
				3F1AB7BD2A8DC96E0076CEAB /* Extensions */,
			);
			path = Utils;
			sourceTree = "<group>";
		};
		3F1AB7BD2A8DC96E0076CEAB /* Extensions */ = {
			isa = PBXGroup;
			children = (
				3F1AB7BE2A8DC96E0076CEAB /* NSLayoutConstraint+Priority.swift */,
				3F4964752A8F592D00078EE3 /* String+SignUpCheckValid.swift */,
				3FB14B5C2A90F8BE00A356DA /* UnderLineTextField.swift */,
			);
			path = Extensions;
			sourceTree = "<group>";
		};
		3F1AB7BF2A8DC96E0076CEAB /* Profile */ = {
			isa = PBXGroup;
			children = (
				3F8CD6D62A96D5A900307372 /* ProfileTab */,
			);
			path = Profile;
			sourceTree = "<group>";
		};
		3F1AB7C22A8DC96E0076CEAB /* Resource */ = {
			isa = PBXGroup;
			children = (
				3F1AB7C32A8DC96E0076CEAB /* Assets.xcassets */,
				3F1AB7C42A8DC96E0076CEAB /* LaunchScreen.storyboard */,
			);
			path = Resource;
			sourceTree = "<group>";
		};
		3F1AB7C62A8DC96E0076CEAB /* App */ = {
			isa = PBXGroup;
			children = (
				3F1AB7C72A8DC96E0076CEAB /* AppConfigurations.swift */,
				3F1AB7C82A8DC96E0076CEAB /* AppDelegate.swift */,
				3F1AB7C92A8DC96E0076CEAB /* SceneDelegate.swift */,
			);
			path = App;
			sourceTree = "<group>";
		};
		3F1AB7CA2A8DC96E0076CEAB /* Infrastructure */ = {
			isa = PBXGroup;
			children = (
				3F1AB7D22A8DC96E0076CEAB /* CoreLocation */,
				3F1AB7CD2A8DC96E0076CEAB /* Network */,
				3F1AB7D02A8DC96E0076CEAB /* SensitiveInfoManager */,
			);
			path = Infrastructure;
			sourceTree = "<group>";
		};
		3F1AB7CB2A8DC96E0076CEAB /* UserDefaults */ = {
			isa = PBXGroup;
			children = (
				3F1AB7CC2A8DC96E0076CEAB /* UserDefaultStorage.swift */,
			);
			path = UserDefaults;
			sourceTree = "<group>";
		};
		3F1AB7CD2A8DC96E0076CEAB /* Network */ = {
			isa = PBXGroup;
			children = (
				3F1AB7CE2A8DC96E0076CEAB /* NetworkService.swift */,
				3F1AB7CF2A8DC96E0076CEAB /* NetworkResource.swift */,
			);
			path = Network;
			sourceTree = "<group>";
		};
		3F1AB7D02A8DC96E0076CEAB /* SensitiveInfoManager */ = {
			isa = PBXGroup;
			children = (
				3F1AB7D12A8DC96E0076CEAB /* SensitiveInfoManager.swift */,
			);
			path = SensitiveInfoManager;
			sourceTree = "<group>";
		};
		3F1AB7D22A8DC96E0076CEAB /* CoreLocation */ = {
			isa = PBXGroup;
			children = (
				3F1AB7D32A8DC96E0076CEAB /* CoreLocationService.swift */,
			);
			path = CoreLocation;
			sourceTree = "<group>";
		};
		3F49646A2A8E5DEC00078EE3 /* CommonComponents */ = {
			isa = PBXGroup;
			children = (
				3FB14B582A90F08A00A356DA /* CommonTextFieldView.swift */,
				3FB14B6C2A912F1500A356DA /* CommonButtonView.swift */,
			);
			path = CommonComponents;
			sourceTree = "<group>";
		};
		3F49646D2A8E5FF100078EE3 /* PersistentStorages */ = {
			isa = PBXGroup;
			children = (
				3F1AB7CB2A8DC96E0076CEAB /* UserDefaults */,
				3F1AB7952A8DC96E0076CEAB /* Terms */,
				3FD6182E2A98A27000CE6690 /* LocalEvent */,
			);
			path = PersistentStorages;
			sourceTree = "<group>";
		};
		3F49646F2A8E825E00078EE3 /* UI */ = {
			isa = PBXGroup;
			children = (
				3F4964702A8E827600078EE3 /* CustomNavigationItem.swift */,
			);
			path = UI;
			sourceTree = "<group>";
		};
		3F4964782A8F5CE300078EE3 /* Services */ = {
			isa = PBXGroup;
			children = (
				3F4964792A8F5D0700078EE3 /* Validation */,
			);
			path = Services;
			sourceTree = "<group>";
		};
		3F4964792A8F5D0700078EE3 /* Validation */ = {
			isa = PBXGroup;
			children = (
				3F49647A2A8F5D1800078EE3 /* EmailValidationService.swift */,
				3F49647C2A8F5D4000078EE3 /* PasswordValidationService.swift */,
				3FB14B782A91DC0D00A356DA /* NickNameValidationService.swift */,
			);
			path = Validation;
			sourceTree = "<group>";
		};
		3F4964862A8F855900078EE3 /* DefaultsUserLocationRepository */ = {
			isa = PBXGroup;
			children = (
				3F1AB7992A8DC96E0076CEAB /* DefaultGeocodeRepository.swift */,
				3F1AB79A2A8DC96E0076CEAB /* DefaultRegionCodeRepository.swift */,
				3F1AB79B2A8DC96E0076CEAB /* DefaultReverseGeocodeRepository.swift */,
			);
			path = DefaultsUserLocationRepository;
			sourceTree = "<group>";
		};
		3F4964872A8F856C00078EE3 /* DefaultsAuthRepository */ = {
			isa = PBXGroup;
			children = (
				3F4964902A8F873000078EE3 /* DefaultsAuthRepository.swift */,
			);
			path = DefaultsAuthRepository;
			sourceTree = "<group>";
		};
		3F4964882A8F863D00078EE3 /* UserLocationRepository */ = {
			isa = PBXGroup;
			children = (
				3F1AB78B2A8DC96E0076CEAB /* GeocodeRepository.swift */,
				3F1AB78C2A8DC96E0076CEAB /* RegionCodeRepository.swift */,
				3F1AB78D2A8DC96E0076CEAB /* ReverseGeocodeRepository.swift */,
			);
			path = UserLocationRepository;
			sourceTree = "<group>";
		};
		3F4964892A8F864B00078EE3 /* AuthRepository */ = {
			isa = PBXGroup;
			children = (
				3F49648B2A8F866400078EE3 /* AuthRepository.swift */,
			);
			path = AuthRepository;
			sourceTree = "<group>";
		};
		3F8CD6CA2A96D40F00307372 /* View */ = {
			isa = PBXGroup;
			children = (
				3F1AB79E2A8DC96E0076CEAB /* HomeViewController.swift */,
				3FE68BC12AA0A96F00595733 /* NewIssueDetailViewController.swift */,
				3FB112142AA0890D00C73A3A /* NewIssueDetailView.swift */,
				3F0F00E62AA019C000F0A36C /* NewIssueCategoryView.swift */,
				3FD618272A98909300CE6690 /* EventDetailViewController.swift */,
				3FD618332A98A6B500CE6690 /* EventDetailView.swift */,
				3F8CD6DC2A96D8BF00307372 /* Cell */,
			);
			path = View;
			sourceTree = "<group>";
		};
		3F8CD6CB2A96D41500307372 /* ViewModel */ = {
			isa = PBXGroup;
			children = (
				3F8CD6F62A97101300307372 /* HomeViewModel.swift */,
				3FB112122AA088F600C73A3A /* NewIssueDetailViewModel.swift */,
				3FB112102AA0830600C73A3A /* EventDetailViewModel.swift */,
			);
			path = ViewModel;
			sourceTree = "<group>";
		};
		3F8CD6D32A96D58800307372 /* MapTab */ = {
			isa = PBXGroup;
			children = (
				3F8CD6D52A96D59E00307372 /* View */,
				3F8CD6D42A96D59300307372 /* ViewModel */,
			);
			path = MapTab;
			sourceTree = "<group>";
		};
		3F8CD6D42A96D59300307372 /* ViewModel */ = {
			isa = PBXGroup;
			children = (
			);
			path = ViewModel;
			sourceTree = "<group>";
		};
		3F8CD6D52A96D59E00307372 /* View */ = {
			isa = PBXGroup;
			children = (
				3F1AB7A02A8DC96E0076CEAB /* MapViewController.swift */,
				3F41C19C2AA1866100E9A48C /* MapView.swift */,
			);
			path = View;
			sourceTree = "<group>";
		};
		3F8CD6D62A96D5A900307372 /* ProfileTab */ = {
			isa = PBXGroup;
			children = (
				3F8CD6D82A96D5B300307372 /* ViewModel */,
				3F8CD6D72A96D5AE00307372 /* View */,
			);
			path = ProfileTab;
			sourceTree = "<group>";
		};
		3F8CD6D72A96D5AE00307372 /* View */ = {
			isa = PBXGroup;
			children = (
				3F1AB7C02A8DC96E0076CEAB /* ProfileViewController.swift */,
				3FE361D32A93475A000F1B38 /* SettingViewController.swift */,
			);
			path = View;
			sourceTree = "<group>";
		};
		3F8CD6D82A96D5B300307372 /* ViewModel */ = {
			isa = PBXGroup;
			children = (
			);
			path = ViewModel;
			sourceTree = "<group>";
		};
		3F8CD6D92A96D5C300307372 /* TabBar */ = {
			isa = PBXGroup;
			children = (
				3F1AB7C12A8DC96E0076CEAB /* TabBarViewController.swift */,
			);
			path = TabBar;
			sourceTree = "<group>";
		};
		3F8CD6DC2A96D8BF00307372 /* Cell */ = {
			isa = PBXGroup;
			children = (
				3F8CD6E32A96D90900307372 /* TodayCollectionViewCell.swift */,
				3F8CD6DF2A96D8EC00307372 /* NewIssueCollectionViewCell.swift */,
				3F8CD6E12A96D8FA00307372 /* InformationCollectionViewCell.swift */,
				3FD618232A987F1F00CE6690 /* HomeSectionHeaderReusableView.swift */,
				3FB1120A2AA06E3E00C73A3A /* BackgroundDecorationView.swift */,
			);
			path = Cell;
			sourceTree = "<group>";
		};
		3F8CD6E82A96E64E00307372 /* LocalEvent */ = {
			isa = PBXGroup;
			children = (
				3F8CD7002A97474200307372 /* CulturalEvent.swift */,
				3F8CD7022A97479400307372 /* EducationEvent.swift */,
				3FC8D9B92A99D02B007BDEB5 /* NewIssue.swift */,
			);
			path = LocalEvent;
			sourceTree = "<group>";
		};
		3F8CD6F02A96EA4600307372 /* LocalEventRepository */ = {
			isa = PBXGroup;
			children = (
				3F8CD6F12A96EA8100307372 /* LocalEventRepository.swift */,
			);
			path = LocalEventRepository;
			sourceTree = "<group>";
		};
		3F8CD6F32A96EACA00307372 /* DefaultsLocalEventRepository */ = {
			isa = PBXGroup;
			children = (
				3F8CD6F42A96EAFD00307372 /* DefaultsLocalEventRepository.swift */,
			);
			path = DefaultsLocalEventRepository;
			sourceTree = "<group>";
		};
		3F8CD6FA2A972CDF00307372 /* UserInfoRepository */ = {
			isa = PBXGroup;
			children = (
				3F8CD6FB2A972D1E00307372 /* UserInfoRepository.swift */,
			);
			path = UserInfoRepository;
			sourceTree = "<group>";
		};
		3F8CD6FD2A972D4A00307372 /* DefaultsUserInfoRepository */ = {
			isa = PBXGroup;
			children = (
				3F8CD6FE2A972D5D00307372 /* DefaultsUserInfoRepository.swift */,
			);
			path = DefaultsUserInfoRepository;
			sourceTree = "<group>";
		};
		3FACA86C2A7CE47B00F2544C = {
			isa = PBXGroup;
			children = (
				3FF76A322A80CF1000A5CA29 /* .swiftlint.yml */,
				3FACA8772A7CE47B00F2544C /* Dangle */,
				3FACA88E2A7CE47C00F2544C /* DangleTests */,
				3FACA8982A7CE47C00F2544C /* DangleUITests */,
				3FACA8762A7CE47B00F2544C /* Products */,
			);
			sourceTree = "<group>";
		};
		3FACA8762A7CE47B00F2544C /* Products */ = {
			isa = PBXGroup;
			children = (
				3FACA8752A7CE47B00F2544C /* Dangle.app */,
				3FACA88B2A7CE47C00F2544C /* DangleTests.xctest */,
				3FACA8952A7CE47C00F2544C /* DangleUITests.xctest */,
			);
			name = Products;
			sourceTree = "<group>";
		};
		3FACA8772A7CE47B00F2544C /* Dangle */ = {
			isa = PBXGroup;
			children = (
				3F1AB7C62A8DC96E0076CEAB /* App */,
				3F1AB7882A8DC96E0076CEAB /* Domain */,
				3F1AB7972A8DC96E0076CEAB /* Data */,
				3F1AB7CA2A8DC96E0076CEAB /* Infrastructure */,
				3F1AB79C2A8DC96E0076CEAB /* Presentation */,
				3F1AB7C22A8DC96E0076CEAB /* Resource */,
				3FACA8862A7CE47C00F2544C /* Info.plist */,
				3FD6181C2A9866B000CE6690 /* GoogleService-Info.plist */,
			);
			path = Dangle;
			sourceTree = "<group>";
		};
		3FACA88E2A7CE47C00F2544C /* DangleTests */ = {
			isa = PBXGroup;
			children = (
				3FACA88F2A7CE47C00F2544C /* DangleTests.swift */,
			);
			path = DangleTests;
			sourceTree = "<group>";
		};
		3FACA8982A7CE47C00F2544C /* DangleUITests */ = {
			isa = PBXGroup;
			children = (
				3FACA8992A7CE47C00F2544C /* DangleUITests.swift */,
				3FACA89B2A7CE47C00F2544C /* DangleUITestsLaunchTests.swift */,
			);
			path = DangleUITests;
			sourceTree = "<group>";
		};
		3FB14B5E2A90FA0400A356DA /* RegisterEmail */ = {
			isa = PBXGroup;
			children = (
				3FB14B602A90FA3000A356DA /* ViewModel */,
				3FB14B5F2A90FA2800A356DA /* View */,
			);
			path = RegisterEmail;
			sourceTree = "<group>";
		};
		3FB14B5F2A90FA2800A356DA /* View */ = {
			isa = PBXGroup;
			children = (
				3FB14B522A90EFA100A356DA /* RegEmailViewController.swift */,
			);
			path = View;
			sourceTree = "<group>";
		};
		3FB14B602A90FA3000A356DA /* ViewModel */ = {
			isa = PBXGroup;
			children = (
				3FB14B612A90FA6500A356DA /* RegEmailViewModel.swift */,
			);
			path = ViewModel;
			sourceTree = "<group>";
		};
		3FB14B632A9115D100A356DA /* RegisterPassword */ = {
			isa = PBXGroup;
			children = (
				3FB14B642A9115D900A356DA /* ViewModel */,
				3FB14B652A9115DD00A356DA /* View */,
			);
			path = RegisterPassword;
			sourceTree = "<group>";
		};
		3FB14B642A9115D900A356DA /* ViewModel */ = {
			isa = PBXGroup;
			children = (
				3FB14B682A91184C00A356DA /* RegPasswordViewModel.swift */,
			);
			path = ViewModel;
			sourceTree = "<group>";
		};
		3FB14B652A9115DD00A356DA /* View */ = {
			isa = PBXGroup;
			children = (
				3FB14B662A9115F200A356DA /* RegPasswordViewController.swift */,
			);
			path = View;
			sourceTree = "<group>";
		};
		3FB14B712A91D86500A356DA /* RegisterNickname */ = {
			isa = PBXGroup;
			children = (
				3FB14B722A91D87700A356DA /* ViewModel */,
				3FB14B732A91D87F00A356DA /* View */,
			);
			path = RegisterNickname;
			sourceTree = "<group>";
		};
		3FB14B722A91D87700A356DA /* ViewModel */ = {
			isa = PBXGroup;
			children = (
				3FB14B742A91D9B500A356DA /* RegNicknameViewModel.swift */,
			);
			path = ViewModel;
			sourceTree = "<group>";
		};
		3FB14B732A91D87F00A356DA /* View */ = {
			isa = PBXGroup;
			children = (
				3FB14B762A91D9C700A356DA /* RegNicknameViewController.swift */,
			);
			path = View;
			sourceTree = "<group>";
		};
		3FB14B7A2A92032D00A356DA /* ViewModel */ = {
			isa = PBXGroup;
			children = (
				3FE361CB2A931BA2000F1B38 /* SignInViewModel.swift */,
			);
			path = ViewModel;
			sourceTree = "<group>";
		};
		3FB14B7B2A92033400A356DA /* View */ = {
			isa = PBXGroup;
			children = (
				3F1AB7AF2A8DC96E0076CEAB /* SignInViewController.swift */,
			);
			path = View;
			sourceTree = "<group>";
		};
		3FC8D9BB2A99EF01007BDEB5 /* Post */ = {
			isa = PBXGroup;
			children = (
				3FC8D9BC2A99EF2A007BDEB5 /* Evaluation.swift */,
			);
			path = Post;
			sourceTree = "<group>";
		};
		3FD6182E2A98A27000CE6690 /* LocalEvent */ = {
			isa = PBXGroup;
			children = (
				3FD6182F2A98A2BE00CE6690 /* EventDTO.swift */,
				3F80C0052A9DBCAD00F2128D /* NewIssueDTO.swift */,
			);
			path = LocalEvent;
			sourceTree = "<group>";
		};
		3FE361C12A92D3D7000F1B38 /* RegisterWelcome */ = {
			isa = PBXGroup;
			children = (
				3FE361C82A92D9BF000F1B38 /* ViewModel */,
				3FE361C22A92D3F0000F1B38 /* View */,
			);
			path = RegisterWelcome;
			sourceTree = "<group>";
		};
		3FE361C22A92D3F0000F1B38 /* View */ = {
			isa = PBXGroup;
			children = (
				3FE361C62A92D437000F1B38 /* RegisterWelcomeViewController.swift */,
			);
			path = View;
			sourceTree = "<group>";
		};
		3FE361C82A92D9BF000F1B38 /* ViewModel */ = {
			isa = PBXGroup;
			children = (
				3FE361C92A92D9CC000F1B38 /* RegisterWelcomeViewModel.swift */,
			);
			path = ViewModel;
			sourceTree = "<group>";
		};
		3FE361CD2A931E08000F1B38 /* Auth */ = {
			isa = PBXGroup;
			children = (
				3FE361CE2A931E77000F1B38 /* User.swift */,
				3F4964982A8FA1FD00078EE3 /* UserInfo.swift */,
			);
			path = Auth;
			sourceTree = "<group>";
		};
/* End PBXGroup section */

/* Begin PBXNativeTarget section */
		3FACA8742A7CE47B00F2544C /* Dangle */ = {
			isa = PBXNativeTarget;
			buildConfigurationList = 3FACA89F2A7CE47C00F2544C /* Build configuration list for PBXNativeTarget "Dangle" */;
			buildPhases = (
				3FACA8712A7CE47B00F2544C /* Sources */,
				3FACA8722A7CE47B00F2544C /* Frameworks */,
				3FACA8732A7CE47B00F2544C /* Resources */,
				3FF76A312A80CE0800A5CA29 /* SwiftLint Script */,
			);
			buildRules = (
			);
			dependencies = (
			);
			name = Dangle;
			packageProductDependencies = (
				3F3822862A9466E60019D994 /* FirebaseAuth */,
				3F3822882A9466E60019D994 /* FirebaseFirestore */,
				3F38228A2A9466E60019D994 /* FirebaseStorage */,
				3F8CD6E62A96D92300307372 /* Kingfisher */,
				3FE68BC42AA0B00100595733 /* SwiftSoup */,
			);
			productName = Dangle;
			productReference = 3FACA8752A7CE47B00F2544C /* Dangle.app */;
			productType = "com.apple.product-type.application";
		};
		3FACA88A2A7CE47C00F2544C /* DangleTests */ = {
			isa = PBXNativeTarget;
			buildConfigurationList = 3FACA8A22A7CE47C00F2544C /* Build configuration list for PBXNativeTarget "DangleTests" */;
			buildPhases = (
				3FACA8872A7CE47C00F2544C /* Sources */,
				3FACA8882A7CE47C00F2544C /* Frameworks */,
				3FACA8892A7CE47C00F2544C /* Resources */,
			);
			buildRules = (
			);
			dependencies = (
				3FACA88D2A7CE47C00F2544C /* PBXTargetDependency */,
			);
			name = DangleTests;
			productName = DangleTests;
			productReference = 3FACA88B2A7CE47C00F2544C /* DangleTests.xctest */;
			productType = "com.apple.product-type.bundle.unit-test";
		};
		3FACA8942A7CE47C00F2544C /* DangleUITests */ = {
			isa = PBXNativeTarget;
			buildConfigurationList = 3FACA8A52A7CE47C00F2544C /* Build configuration list for PBXNativeTarget "DangleUITests" */;
			buildPhases = (
				3FACA8912A7CE47C00F2544C /* Sources */,
				3FACA8922A7CE47C00F2544C /* Frameworks */,
				3FACA8932A7CE47C00F2544C /* Resources */,
			);
			buildRules = (
			);
			dependencies = (
				3FACA8972A7CE47C00F2544C /* PBXTargetDependency */,
			);
			name = DangleUITests;
			productName = DangleUITests;
			productReference = 3FACA8952A7CE47C00F2544C /* DangleUITests.xctest */;
			productType = "com.apple.product-type.bundle.ui-testing";
		};
/* End PBXNativeTarget section */

/* Begin PBXProject section */
		3FACA86D2A7CE47B00F2544C /* Project object */ = {
			isa = PBXProject;
			attributes = {
				BuildIndependentTargetsInParallel = 1;
				LastSwiftUpdateCheck = 1430;
				LastUpgradeCheck = 1430;
				TargetAttributes = {
					3FACA8742A7CE47B00F2544C = {
						CreatedOnToolsVersion = 14.3.1;
					};
					3FACA88A2A7CE47C00F2544C = {
						CreatedOnToolsVersion = 14.3.1;
						TestTargetID = 3FACA8742A7CE47B00F2544C;
					};
					3FACA8942A7CE47C00F2544C = {
						CreatedOnToolsVersion = 14.3.1;
						TestTargetID = 3FACA8742A7CE47B00F2544C;
					};
				};
			};
			buildConfigurationList = 3FACA8702A7CE47B00F2544C /* Build configuration list for PBXProject "Dangle" */;
			compatibilityVersion = "Xcode 14.0";
			developmentRegion = en;
			hasScannedForEncodings = 0;
			knownRegions = (
				en,
				Base,
			);
			mainGroup = 3FACA86C2A7CE47B00F2544C;
			packageReferences = (
				3F3822852A9466E60019D994 /* XCRemoteSwiftPackageReference "firebase-ios-sdk" */,
				3F8CD6E52A96D92300307372 /* XCRemoteSwiftPackageReference "Kingfisher" */,
				3FE68BC32AA0B00100595733 /* XCRemoteSwiftPackageReference "SwiftSoup" */,
			);
			productRefGroup = 3FACA8762A7CE47B00F2544C /* Products */;
			projectDirPath = "";
			projectRoot = "";
			targets = (
				3FACA8742A7CE47B00F2544C /* Dangle */,
				3FACA88A2A7CE47C00F2544C /* DangleTests */,
				3FACA8942A7CE47C00F2544C /* DangleUITests */,
			);
		};
/* End PBXProject section */

/* Begin PBXResourcesBuildPhase section */
		3FACA8732A7CE47B00F2544C /* Resources */ = {
			isa = PBXResourcesBuildPhase;
			buildActionMask = 2147483647;
			files = (
				3FF76A332A80CF1000A5CA29 /* .swiftlint.yml in Resources */,
				3FD6181D2A9866B000CE6690 /* GoogleService-Info.plist in Resources */,
				3F1AB7F42A8DC96E0076CEAB /* LaunchScreen.storyboard in Resources */,
				3F1AB7F32A8DC96E0076CEAB /* Assets.xcassets in Resources */,
			);
			runOnlyForDeploymentPostprocessing = 0;
		};
		3FACA8892A7CE47C00F2544C /* Resources */ = {
			isa = PBXResourcesBuildPhase;
			buildActionMask = 2147483647;
			files = (
			);
			runOnlyForDeploymentPostprocessing = 0;
		};
		3FACA8932A7CE47C00F2544C /* Resources */ = {
			isa = PBXResourcesBuildPhase;
			buildActionMask = 2147483647;
			files = (
			);
			runOnlyForDeploymentPostprocessing = 0;
		};
/* End PBXResourcesBuildPhase section */

/* Begin PBXShellScriptBuildPhase section */
		3FF76A312A80CE0800A5CA29 /* SwiftLint Script */ = {
			isa = PBXShellScriptBuildPhase;
			alwaysOutOfDate = 1;
			buildActionMask = 2147483647;
			files = (
			);
			inputFileListPaths = (
			);
			inputPaths = (
			);
			name = "SwiftLint Script";
			outputFileListPaths = (
			);
			outputPaths = (
			);
			runOnlyForDeploymentPostprocessing = 0;
			shellPath = /bin/sh;
			shellScript = "# Type a script or drag a script file from your workspace to insert its path.\nexport PATH=\"$PATH:/opt/homebrew/bin\"\nif which swiftlint > /dev/null; then\n  swiftlint\nelse\n  echo \"warning: SwiftLint not installed, download from https://github.com/realm/SwiftLint\"\nfi\n";
		};
/* End PBXShellScriptBuildPhase section */

/* Begin PBXSourcesBuildPhase section */
		3FACA8712A7CE47B00F2544C /* Sources */ = {
			isa = PBXSourcesBuildPhase;
			buildActionMask = 2147483647;
			files = (
				3FE361D42A93475A000F1B38 /* SettingViewController.swift in Sources */,
				3F1AB7F62A8DC96E0076CEAB /* AppDelegate.swift in Sources */,
				3FE361D22A931EF4000F1B38 /* SignInUseCase.swift in Sources */,
				3F8CD6FC2A972D1E00307372 /* UserInfoRepository.swift in Sources */,
				3FB14B692A91184C00A356DA /* RegPasswordViewModel.swift in Sources */,
				3F8CD7032A97479400307372 /* EducationEvent.swift in Sources */,
				3F4964912A8F873000078EE3 /* DefaultsAuthRepository.swift in Sources */,
				3F1AB7D72A8DC96E0076CEAB /* GeoLocationUseCase.swift in Sources */,
				3F1AB7ED2A8DC96E0076CEAB /* UserLocationTableViewCell.swift in Sources */,
				3F1AB7D82A8DC96E0076CEAB /* ReverseGeocode.swift in Sources */,
				3F1AB7D52A8DC96E0076CEAB /* RegionCodeRepository.swift in Sources */,
				3FB14B532A90EFA100A356DA /* RegEmailViewController.swift in Sources */,
				3F1AB7E52A8DC96E0076CEAB /* TermsTableViewCell.swift in Sources */,
				3F8CD7012A97474200307372 /* CulturalEvent.swift in Sources */,
				3F4964762A8F592D00078EE3 /* String+SignUpCheckValid.swift in Sources */,
				3F8CD6E42A96D90900307372 /* TodayCollectionViewCell.swift in Sources */,
				3F1AB7D42A8DC96E0076CEAB /* GeocodeRepository.swift in Sources */,
				3F1AB7F72A8DC96E0076CEAB /* SceneDelegate.swift in Sources */,
				3F49647D2A8F5D4000078EE3 /* PasswordValidationService.swift in Sources */,
				3FD618342A98A6B500CE6690 /* EventDetailView.swift in Sources */,
				3F1AB7DD2A8DC96E0076CEAB /* DefaultRegionCodeRepository.swift in Sources */,
				3F1AB7E92A8DC96E0076CEAB /* StartPageViewController.swift in Sources */,
				3F1AB7DC2A8DC96E0076CEAB /* DefaultGeocodeRepository.swift in Sources */,
				3FB14B672A9115F200A356DA /* RegPasswordViewController.swift in Sources */,
				3FD618302A98A2BE00CE6690 /* EventDTO.swift in Sources */,
				3F1AB7E02A8DC96E0076CEAB /* MapViewController.swift in Sources */,
				3F80C0062A9DBCAD00F2128D /* NewIssueDTO.swift in Sources */,
				3F1AB7D92A8DC96E0076CEAB /* Geocode.swift in Sources */,
				3FB14B752A91D9B500A356DA /* RegNicknameViewModel.swift in Sources */,
				3F1AB7F02A8DC96E0076CEAB /* NSLayoutConstraint+Priority.swift in Sources */,
				3FE68BC22AA0A96F00595733 /* NewIssueDetailViewController.swift in Sources */,
				3FE361CA2A92D9CC000F1B38 /* RegisterWelcomeViewModel.swift in Sources */,
				3F1AB7F12A8DC96E0076CEAB /* ProfileViewController.swift in Sources */,
				3F1AB7EC2A8DC96E0076CEAB /* UserLocationViewModel.swift in Sources */,
				3F8CD6E02A96D8EC00307372 /* NewIssueCollectionViewCell.swift in Sources */,
				3F8CD6F72A97101300307372 /* HomeViewModel.swift in Sources */,
				3F1AB7E62A8DC96E0076CEAB /* TermsViewController.swift in Sources */,
				3F1AB7E72A8DC96E0076CEAB /* TermsDetailViewController.swift in Sources */,
				3F1AB7D62A8DC96E0076CEAB /* ReverseGeocodeRepository.swift in Sources */,
				3F49647B2A8F5D1800078EE3 /* EmailValidationService.swift in Sources */,
				3FB1120B2AA06E3E00C73A3A /* BackgroundDecorationView.swift in Sources */,
				3FC8D9BD2A99EF2A007BDEB5 /* Evaluation.swift in Sources */,
				3FB112132AA088F600C73A3A /* NewIssueDetailViewModel.swift in Sources */,
				3FC8D9BA2A99D02B007BDEB5 /* NewIssue.swift in Sources */,
				3FE361C72A92D437000F1B38 /* RegisterWelcomeViewController.swift in Sources */,
				3F8CD6F92A972CCB00307372 /* UserUseCase.swift in Sources */,
				3FD618282A98909300CE6690 /* EventDetailViewController.swift in Sources */,
				3FD618242A987F1F00CE6690 /* HomeSectionHeaderReusableView.swift in Sources */,
				3F1AB7FA2A8DC96E0076CEAB /* NetworkResource.swift in Sources */,
				3F8CD6F22A96EA8100307372 /* LocalEventRepository.swift in Sources */,
				3FE361CF2A931E77000F1B38 /* User.swift in Sources */,
				3FB14B5D2A90F8BE00A356DA /* UnderLineTextField.swift in Sources */,
				3FB14B772A91D9C700A356DA /* RegNicknameViewController.swift in Sources */,
				3F0F00E72AA019C000F0A36C /* NewIssueCategoryView.swift in Sources */,
				3F1AB7F92A8DC96E0076CEAB /* NetworkService.swift in Sources */,
				3FB14B622A90FA6500A356DA /* RegEmailViewModel.swift in Sources */,
				3F1AB7FC2A8DC96E0076CEAB /* CoreLocationService.swift in Sources */,
				3FB112152AA0890D00C73A3A /* NewIssueDetailView.swift in Sources */,
				3F1AB7F82A8DC96E0076CEAB /* UserDefaultStorage.swift in Sources */,
				3FE361CC2A931BA2000F1B38 /* SignInViewModel.swift in Sources */,
				3F1AB7E82A8DC96E0076CEAB /* SignInViewController.swift in Sources */,
				3F1AB7DA2A8DC96E0076CEAB /* RegionCode.swift in Sources */,
				3F8CD6FF2A972D5D00307372 /* DefaultsUserInfoRepository.swift in Sources */,
				3F1AB7EF2A8DC96E0076CEAB /* UserLocationViewController.swift in Sources */,
				3F49648C2A8F866400078EE3 /* AuthRepository.swift in Sources */,
				3FB112112AA0830600C73A3A /* EventDetailViewModel.swift in Sources */,
				3F1AB7E42A8DC96E0076CEAB /* TermsViewModel.swift in Sources */,
				3FB14B6D2A912F1500A356DA /* CommonButtonView.swift in Sources */,
				3F1AB7EA2A8DC96E0076CEAB /* StartPageView.swift in Sources */,
				3F1AB7DE2A8DC96E0076CEAB /* DefaultReverseGeocodeRepository.swift in Sources */,
				3F8CD6E22A96D8FA00307372 /* InformationCollectionViewCell.swift in Sources */,
				3F8CD6F52A96EAFD00307372 /* DefaultsLocalEventRepository.swift in Sources */,
				3F1AB7FB2A8DC96E0076CEAB /* SensitiveInfoManager.swift in Sources */,
				3F4964992A8FA1FD00078EE3 /* UserInfo.swift in Sources */,
				3F1AB7EE2A8DC96E0076CEAB /* LocationAuthDisallowedView.swift in Sources */,
				3F4964712A8E827600078EE3 /* CustomNavigationItem.swift in Sources */,
				3F1AB7DB2A8DC96E0076CEAB /* TermsType.swift in Sources */,
				3F41C19D2AA1866100E9A48C /* MapView.swift in Sources */,
				3F8CD6EF2A96E91A00307372 /* LocalEventUseCase.swift in Sources */,
				3F4964952A8F884300078EE3 /* SignUpUseCase.swift in Sources */,
				3F1AB7DF2A8DC96E0076CEAB /* HomeViewController.swift in Sources */,
				3FB14B592A90F08A00A356DA /* CommonTextFieldView.swift in Sources */,
				3F1AB7F52A8DC96E0076CEAB /* AppConfigurations.swift in Sources */,
				3FB14B792A91DC0D00A356DA /* NickNameValidationService.swift in Sources */,
				3F1AB7F22A8DC96E0076CEAB /* TabBarViewController.swift in Sources */,
			);
			runOnlyForDeploymentPostprocessing = 0;
		};
		3FACA8872A7CE47C00F2544C /* Sources */ = {
			isa = PBXSourcesBuildPhase;
			buildActionMask = 2147483647;
			files = (
				3FACA8902A7CE47C00F2544C /* DangleTests.swift in Sources */,
			);
			runOnlyForDeploymentPostprocessing = 0;
		};
		3FACA8912A7CE47C00F2544C /* Sources */ = {
			isa = PBXSourcesBuildPhase;
			buildActionMask = 2147483647;
			files = (
				3FACA89A2A7CE47C00F2544C /* DangleUITests.swift in Sources */,
				3FACA89C2A7CE47C00F2544C /* DangleUITestsLaunchTests.swift in Sources */,
			);
			runOnlyForDeploymentPostprocessing = 0;
		};
/* End PBXSourcesBuildPhase section */

/* Begin PBXTargetDependency section */
		3FACA88D2A7CE47C00F2544C /* PBXTargetDependency */ = {
			isa = PBXTargetDependency;
			target = 3FACA8742A7CE47B00F2544C /* Dangle */;
			targetProxy = 3FACA88C2A7CE47C00F2544C /* PBXContainerItemProxy */;
		};
		3FACA8972A7CE47C00F2544C /* PBXTargetDependency */ = {
			isa = PBXTargetDependency;
			target = 3FACA8742A7CE47B00F2544C /* Dangle */;
			targetProxy = 3FACA8962A7CE47C00F2544C /* PBXContainerItemProxy */;
		};
/* End PBXTargetDependency section */

/* Begin PBXVariantGroup section */
		3F1AB7C42A8DC96E0076CEAB /* LaunchScreen.storyboard */ = {
			isa = PBXVariantGroup;
			children = (
				3F1AB7C52A8DC96E0076CEAB /* Base */,
			);
			name = LaunchScreen.storyboard;
			sourceTree = "<group>";
		};
/* End PBXVariantGroup section */

/* Begin XCBuildConfiguration section */
		3FACA89D2A7CE47C00F2544C /* Debug */ = {
			isa = XCBuildConfiguration;
			buildSettings = {
				ALWAYS_SEARCH_USER_PATHS = NO;
				CLANG_ANALYZER_NONNULL = YES;
				CLANG_ANALYZER_NUMBER_OBJECT_CONVERSION = YES_AGGRESSIVE;
				CLANG_CXX_LANGUAGE_STANDARD = "gnu++20";
				CLANG_ENABLE_MODULES = YES;
				CLANG_ENABLE_OBJC_ARC = YES;
				CLANG_ENABLE_OBJC_WEAK = YES;
				CLANG_WARN_BLOCK_CAPTURE_AUTORELEASING = YES;
				CLANG_WARN_BOOL_CONVERSION = YES;
				CLANG_WARN_COMMA = YES;
				CLANG_WARN_CONSTANT_CONVERSION = YES;
				CLANG_WARN_DEPRECATED_OBJC_IMPLEMENTATIONS = YES;
				CLANG_WARN_DIRECT_OBJC_ISA_USAGE = YES_ERROR;
				CLANG_WARN_DOCUMENTATION_COMMENTS = YES;
				CLANG_WARN_EMPTY_BODY = YES;
				CLANG_WARN_ENUM_CONVERSION = YES;
				CLANG_WARN_INFINITE_RECURSION = YES;
				CLANG_WARN_INT_CONVERSION = YES;
				CLANG_WARN_NON_LITERAL_NULL_CONVERSION = YES;
				CLANG_WARN_OBJC_IMPLICIT_RETAIN_SELF = YES;
				CLANG_WARN_OBJC_LITERAL_CONVERSION = YES;
				CLANG_WARN_OBJC_ROOT_CLASS = YES_ERROR;
				CLANG_WARN_QUOTED_INCLUDE_IN_FRAMEWORK_HEADER = YES;
				CLANG_WARN_RANGE_LOOP_ANALYSIS = YES;
				CLANG_WARN_STRICT_PROTOTYPES = YES;
				CLANG_WARN_SUSPICIOUS_MOVE = YES;
				CLANG_WARN_UNGUARDED_AVAILABILITY = YES_AGGRESSIVE;
				CLANG_WARN_UNREACHABLE_CODE = YES;
				CLANG_WARN__DUPLICATE_METHOD_MATCH = YES;
				COPY_PHASE_STRIP = NO;
				DEBUG_INFORMATION_FORMAT = dwarf;
				ENABLE_STRICT_OBJC_MSGSEND = YES;
				ENABLE_TESTABILITY = YES;
				GCC_C_LANGUAGE_STANDARD = gnu11;
				GCC_DYNAMIC_NO_PIC = NO;
				GCC_NO_COMMON_BLOCKS = YES;
				GCC_OPTIMIZATION_LEVEL = 0;
				GCC_PREPROCESSOR_DEFINITIONS = (
					"DEBUG=1",
					"$(inherited)",
				);
				GCC_WARN_64_TO_32_BIT_CONVERSION = YES;
				GCC_WARN_ABOUT_RETURN_TYPE = YES_ERROR;
				GCC_WARN_UNDECLARED_SELECTOR = YES;
				GCC_WARN_UNINITIALIZED_AUTOS = YES_AGGRESSIVE;
				GCC_WARN_UNUSED_FUNCTION = YES;
				GCC_WARN_UNUSED_VARIABLE = YES;
				IPHONEOS_DEPLOYMENT_TARGET = 16.4;
				MTL_ENABLE_DEBUG_INFO = INCLUDE_SOURCE;
				MTL_FAST_MATH = YES;
				ONLY_ACTIVE_ARCH = YES;
				SDKROOT = iphoneos;
				SWIFT_ACTIVE_COMPILATION_CONDITIONS = DEBUG;
				SWIFT_OPTIMIZATION_LEVEL = "-Onone";
			};
			name = Debug;
		};
		3FACA89E2A7CE47C00F2544C /* Release */ = {
			isa = XCBuildConfiguration;
			buildSettings = {
				ALWAYS_SEARCH_USER_PATHS = NO;
				CLANG_ANALYZER_NONNULL = YES;
				CLANG_ANALYZER_NUMBER_OBJECT_CONVERSION = YES_AGGRESSIVE;
				CLANG_CXX_LANGUAGE_STANDARD = "gnu++20";
				CLANG_ENABLE_MODULES = YES;
				CLANG_ENABLE_OBJC_ARC = YES;
				CLANG_ENABLE_OBJC_WEAK = YES;
				CLANG_WARN_BLOCK_CAPTURE_AUTORELEASING = YES;
				CLANG_WARN_BOOL_CONVERSION = YES;
				CLANG_WARN_COMMA = YES;
				CLANG_WARN_CONSTANT_CONVERSION = YES;
				CLANG_WARN_DEPRECATED_OBJC_IMPLEMENTATIONS = YES;
				CLANG_WARN_DIRECT_OBJC_ISA_USAGE = YES_ERROR;
				CLANG_WARN_DOCUMENTATION_COMMENTS = YES;
				CLANG_WARN_EMPTY_BODY = YES;
				CLANG_WARN_ENUM_CONVERSION = YES;
				CLANG_WARN_INFINITE_RECURSION = YES;
				CLANG_WARN_INT_CONVERSION = YES;
				CLANG_WARN_NON_LITERAL_NULL_CONVERSION = YES;
				CLANG_WARN_OBJC_IMPLICIT_RETAIN_SELF = YES;
				CLANG_WARN_OBJC_LITERAL_CONVERSION = YES;
				CLANG_WARN_OBJC_ROOT_CLASS = YES_ERROR;
				CLANG_WARN_QUOTED_INCLUDE_IN_FRAMEWORK_HEADER = YES;
				CLANG_WARN_RANGE_LOOP_ANALYSIS = YES;
				CLANG_WARN_STRICT_PROTOTYPES = YES;
				CLANG_WARN_SUSPICIOUS_MOVE = YES;
				CLANG_WARN_UNGUARDED_AVAILABILITY = YES_AGGRESSIVE;
				CLANG_WARN_UNREACHABLE_CODE = YES;
				CLANG_WARN__DUPLICATE_METHOD_MATCH = YES;
				COPY_PHASE_STRIP = NO;
				DEBUG_INFORMATION_FORMAT = "dwarf-with-dsym";
				ENABLE_NS_ASSERTIONS = NO;
				ENABLE_STRICT_OBJC_MSGSEND = YES;
				GCC_C_LANGUAGE_STANDARD = gnu11;
				GCC_NO_COMMON_BLOCKS = YES;
				GCC_WARN_64_TO_32_BIT_CONVERSION = YES;
				GCC_WARN_ABOUT_RETURN_TYPE = YES_ERROR;
				GCC_WARN_UNDECLARED_SELECTOR = YES;
				GCC_WARN_UNINITIALIZED_AUTOS = YES_AGGRESSIVE;
				GCC_WARN_UNUSED_FUNCTION = YES;
				GCC_WARN_UNUSED_VARIABLE = YES;
				IPHONEOS_DEPLOYMENT_TARGET = 16.4;
				MTL_ENABLE_DEBUG_INFO = NO;
				MTL_FAST_MATH = YES;
				SDKROOT = iphoneos;
				SWIFT_COMPILATION_MODE = wholemodule;
				SWIFT_OPTIMIZATION_LEVEL = "-O";
				VALIDATE_PRODUCT = YES;
			};
			name = Release;
		};
		3FACA8A02A7CE47C00F2544C /* Debug */ = {
			isa = XCBuildConfiguration;
			buildSettings = {
				ASSETCATALOG_COMPILER_APPICON_NAME = AppIcon;
				ASSETCATALOG_COMPILER_GLOBAL_ACCENT_COLOR_NAME = AccentColor;
				CODE_SIGN_STYLE = Automatic;
				CURRENT_PROJECT_VERSION = 1;
				DEVELOPMENT_TEAM = V7TH2GUA8U;
				GENERATE_INFOPLIST_FILE = YES;
				INFOPLIST_FILE = Dangle/Info.plist;
				INFOPLIST_KEY_NSLocalNetworkUsageDescription = "사용자의 현재 위치를 토대로 인근 소식을 파악합니다";
				INFOPLIST_KEY_NSLocationAlwaysAndWhenInUseUsageDescription = "사용자의 현재 위치를 토대로 인근 소식을 파악합니다";
				INFOPLIST_KEY_NSLocationAlwaysUsageDescription = "사용자의 현재 위치를 토대로 인근 소식을 파악합니다";
				INFOPLIST_KEY_NSLocationWhenInUseUsageDescription = "사용자의 현재 위치를 토대로 인근 소식을 파악합니다";
				INFOPLIST_KEY_UIApplicationSupportsIndirectInputEvents = YES;
				INFOPLIST_KEY_UILaunchStoryboardName = LaunchScreen;
				INFOPLIST_KEY_UISupportedInterfaceOrientations_iPad = "UIInterfaceOrientationPortrait UIInterfaceOrientationPortraitUpsideDown UIInterfaceOrientationLandscapeLeft UIInterfaceOrientationLandscapeRight";
				INFOPLIST_KEY_UISupportedInterfaceOrientations_iPhone = "UIInterfaceOrientationPortrait UIInterfaceOrientationLandscapeLeft UIInterfaceOrientationLandscapeRight";
				LD_RUNPATH_SEARCH_PATHS = (
					"$(inherited)",
					"@executable_path/Frameworks",
				);
				MARKETING_VERSION = 1.0;
				OTHER_LDFLAGS = "-ObjC";
				PRODUCT_BUNDLE_IDENTIFIER = com.lime.dangle2;
				PRODUCT_NAME = "$(TARGET_NAME)";
				SWIFT_EMIT_LOC_STRINGS = YES;
				SWIFT_VERSION = 5.0;
				TARGETED_DEVICE_FAMILY = "1,2";
			};
			name = Debug;
		};
		3FACA8A12A7CE47C00F2544C /* Release */ = {
			isa = XCBuildConfiguration;
			buildSettings = {
				ASSETCATALOG_COMPILER_APPICON_NAME = AppIcon;
				ASSETCATALOG_COMPILER_GLOBAL_ACCENT_COLOR_NAME = AccentColor;
				CODE_SIGN_STYLE = Automatic;
				CURRENT_PROJECT_VERSION = 1;
				DEVELOPMENT_TEAM = V7TH2GUA8U;
				GENERATE_INFOPLIST_FILE = YES;
				INFOPLIST_FILE = Dangle/Info.plist;
				INFOPLIST_KEY_NSLocalNetworkUsageDescription = "사용자의 현재 위치를 토대로 인근 소식을 파악합니다";
				INFOPLIST_KEY_NSLocationAlwaysAndWhenInUseUsageDescription = "사용자의 현재 위치를 토대로 인근 소식을 파악합니다";
				INFOPLIST_KEY_NSLocationAlwaysUsageDescription = "사용자의 현재 위치를 토대로 인근 소식을 파악합니다";
				INFOPLIST_KEY_NSLocationWhenInUseUsageDescription = "사용자의 현재 위치를 토대로 인근 소식을 파악합니다";
				INFOPLIST_KEY_UIApplicationSupportsIndirectInputEvents = YES;
				INFOPLIST_KEY_UILaunchStoryboardName = LaunchScreen;
				INFOPLIST_KEY_UISupportedInterfaceOrientations_iPad = "UIInterfaceOrientationPortrait UIInterfaceOrientationPortraitUpsideDown UIInterfaceOrientationLandscapeLeft UIInterfaceOrientationLandscapeRight";
				INFOPLIST_KEY_UISupportedInterfaceOrientations_iPhone = "UIInterfaceOrientationPortrait UIInterfaceOrientationLandscapeLeft UIInterfaceOrientationLandscapeRight";
				LD_RUNPATH_SEARCH_PATHS = (
					"$(inherited)",
					"@executable_path/Frameworks",
				);
				MARKETING_VERSION = 1.0;
				OTHER_LDFLAGS = "-ObjC";
				PRODUCT_BUNDLE_IDENTIFIER = com.lime.dangle2;
				PRODUCT_NAME = "$(TARGET_NAME)";
				SWIFT_EMIT_LOC_STRINGS = YES;
				SWIFT_VERSION = 5.0;
				TARGETED_DEVICE_FAMILY = "1,2";
			};
			name = Release;
		};
		3FACA8A32A7CE47C00F2544C /* Debug */ = {
			isa = XCBuildConfiguration;
			buildSettings = {
				ALWAYS_EMBED_SWIFT_STANDARD_LIBRARIES = YES;
				BUNDLE_LOADER = "$(TEST_HOST)";
				CODE_SIGN_STYLE = Automatic;
				CURRENT_PROJECT_VERSION = 1;
				DEVELOPMENT_TEAM = V7TH2GUA8U;
				GENERATE_INFOPLIST_FILE = YES;
				IPHONEOS_DEPLOYMENT_TARGET = 16.4;
				MARKETING_VERSION = 1.0;
				PRODUCT_BUNDLE_IDENTIFIER = com.Lime.DangleTests;
				PRODUCT_NAME = "$(TARGET_NAME)";
				SWIFT_EMIT_LOC_STRINGS = NO;
				SWIFT_VERSION = 5.0;
				TARGETED_DEVICE_FAMILY = "1,2";
				TEST_HOST = "$(BUILT_PRODUCTS_DIR)/Dangle.app/$(BUNDLE_EXECUTABLE_FOLDER_PATH)/Dangle";
			};
			name = Debug;
		};
		3FACA8A42A7CE47C00F2544C /* Release */ = {
			isa = XCBuildConfiguration;
			buildSettings = {
				ALWAYS_EMBED_SWIFT_STANDARD_LIBRARIES = YES;
				BUNDLE_LOADER = "$(TEST_HOST)";
				CODE_SIGN_STYLE = Automatic;
				CURRENT_PROJECT_VERSION = 1;
				DEVELOPMENT_TEAM = V7TH2GUA8U;
				GENERATE_INFOPLIST_FILE = YES;
				IPHONEOS_DEPLOYMENT_TARGET = 16.4;
				MARKETING_VERSION = 1.0;
				PRODUCT_BUNDLE_IDENTIFIER = com.Lime.DangleTests;
				PRODUCT_NAME = "$(TARGET_NAME)";
				SWIFT_EMIT_LOC_STRINGS = NO;
				SWIFT_VERSION = 5.0;
				TARGETED_DEVICE_FAMILY = "1,2";
				TEST_HOST = "$(BUILT_PRODUCTS_DIR)/Dangle.app/$(BUNDLE_EXECUTABLE_FOLDER_PATH)/Dangle";
			};
			name = Release;
		};
		3FACA8A62A7CE47C00F2544C /* Debug */ = {
			isa = XCBuildConfiguration;
			buildSettings = {
				ALWAYS_EMBED_SWIFT_STANDARD_LIBRARIES = YES;
				CODE_SIGN_STYLE = Automatic;
				CURRENT_PROJECT_VERSION = 1;
				DEVELOPMENT_TEAM = V7TH2GUA8U;
				GENERATE_INFOPLIST_FILE = YES;
				MARKETING_VERSION = 1.0;
				PRODUCT_BUNDLE_IDENTIFIER = com.Lime.DangleUITests;
				PRODUCT_NAME = "$(TARGET_NAME)";
				SWIFT_EMIT_LOC_STRINGS = NO;
				SWIFT_VERSION = 5.0;
				TARGETED_DEVICE_FAMILY = "1,2";
				TEST_TARGET_NAME = Dangle;
			};
			name = Debug;
		};
		3FACA8A72A7CE47C00F2544C /* Release */ = {
			isa = XCBuildConfiguration;
			buildSettings = {
				ALWAYS_EMBED_SWIFT_STANDARD_LIBRARIES = YES;
				CODE_SIGN_STYLE = Automatic;
				CURRENT_PROJECT_VERSION = 1;
				DEVELOPMENT_TEAM = V7TH2GUA8U;
				GENERATE_INFOPLIST_FILE = YES;
				MARKETING_VERSION = 1.0;
				PRODUCT_BUNDLE_IDENTIFIER = com.Lime.DangleUITests;
				PRODUCT_NAME = "$(TARGET_NAME)";
				SWIFT_EMIT_LOC_STRINGS = NO;
				SWIFT_VERSION = 5.0;
				TARGETED_DEVICE_FAMILY = "1,2";
				TEST_TARGET_NAME = Dangle;
			};
			name = Release;
		};
/* End XCBuildConfiguration section */

/* Begin XCConfigurationList section */
		3FACA8702A7CE47B00F2544C /* Build configuration list for PBXProject "Dangle" */ = {
			isa = XCConfigurationList;
			buildConfigurations = (
				3FACA89D2A7CE47C00F2544C /* Debug */,
				3FACA89E2A7CE47C00F2544C /* Release */,
			);
			defaultConfigurationIsVisible = 0;
			defaultConfigurationName = Release;
		};
		3FACA89F2A7CE47C00F2544C /* Build configuration list for PBXNativeTarget "Dangle" */ = {
			isa = XCConfigurationList;
			buildConfigurations = (
				3FACA8A02A7CE47C00F2544C /* Debug */,
				3FACA8A12A7CE47C00F2544C /* Release */,
			);
			defaultConfigurationIsVisible = 0;
			defaultConfigurationName = Release;
		};
		3FACA8A22A7CE47C00F2544C /* Build configuration list for PBXNativeTarget "DangleTests" */ = {
			isa = XCConfigurationList;
			buildConfigurations = (
				3FACA8A32A7CE47C00F2544C /* Debug */,
				3FACA8A42A7CE47C00F2544C /* Release */,
			);
			defaultConfigurationIsVisible = 0;
			defaultConfigurationName = Release;
		};
		3FACA8A52A7CE47C00F2544C /* Build configuration list for PBXNativeTarget "DangleUITests" */ = {
			isa = XCConfigurationList;
			buildConfigurations = (
				3FACA8A62A7CE47C00F2544C /* Debug */,
				3FACA8A72A7CE47C00F2544C /* Release */,
			);
			defaultConfigurationIsVisible = 0;
			defaultConfigurationName = Release;
		};
/* End XCConfigurationList section */

/* Begin XCRemoteSwiftPackageReference section */
		3F3822852A9466E60019D994 /* XCRemoteSwiftPackageReference "firebase-ios-sdk" */ = {
			isa = XCRemoteSwiftPackageReference;
			repositoryURL = "https://github.com/firebase/firebase-ios-sdk.git";
			requirement = {
				kind = upToNextMajorVersion;
				minimumVersion = 10.0.0;
			};
		};
		3F8CD6E52A96D92300307372 /* XCRemoteSwiftPackageReference "Kingfisher" */ = {
			isa = XCRemoteSwiftPackageReference;
			repositoryURL = "https://github.com/onevcat/Kingfisher.git";
			requirement = {
				kind = upToNextMajorVersion;
				minimumVersion = 7.0.0;
			};
		};
		3FE68BC32AA0B00100595733 /* XCRemoteSwiftPackageReference "SwiftSoup" */ = {
			isa = XCRemoteSwiftPackageReference;
			repositoryURL = "https://github.com/scinfu/SwiftSoup.git";
			requirement = {
				kind = upToNextMajorVersion;
				minimumVersion = 2.0.0;
			};
		};
/* End XCRemoteSwiftPackageReference section */

/* Begin XCSwiftPackageProductDependency section */
		3F3822862A9466E60019D994 /* FirebaseAuth */ = {
			isa = XCSwiftPackageProductDependency;
			package = 3F3822852A9466E60019D994 /* XCRemoteSwiftPackageReference "firebase-ios-sdk" */;
			productName = FirebaseAuth;
		};
		3F3822882A9466E60019D994 /* FirebaseFirestore */ = {
			isa = XCSwiftPackageProductDependency;
			package = 3F3822852A9466E60019D994 /* XCRemoteSwiftPackageReference "firebase-ios-sdk" */;
			productName = FirebaseFirestore;
		};
		3F38228A2A9466E60019D994 /* FirebaseStorage */ = {
			isa = XCSwiftPackageProductDependency;
			package = 3F3822852A9466E60019D994 /* XCRemoteSwiftPackageReference "firebase-ios-sdk" */;
			productName = FirebaseStorage;
		};
		3F8CD6E62A96D92300307372 /* Kingfisher */ = {
			isa = XCSwiftPackageProductDependency;
			package = 3F8CD6E52A96D92300307372 /* XCRemoteSwiftPackageReference "Kingfisher" */;
			productName = Kingfisher;
		};
		3FE68BC42AA0B00100595733 /* SwiftSoup */ = {
			isa = XCSwiftPackageProductDependency;
			package = 3FE68BC32AA0B00100595733 /* XCRemoteSwiftPackageReference "SwiftSoup" */;
			productName = SwiftSoup;
		};
/* End XCSwiftPackageProductDependency section */
	};
	rootObject = 3FACA86D2A7CE47B00F2544C /* Project object */;
}
